// !$*UTF8*$!
{
	archiveVersion = 1;
	classes = {
	};
	objectVersion = 46;
	objects = {

/* Begin PBXBuildFile section */
		AE07EE4F13B4C38000529161 /* main.cpp in Sources */ = {isa = PBXBuildFile; fileRef = AE07EE4E13B4C38000529161 /* main.cpp */; };
		AE07EE5113B4C38000529161 /* Hitrate.1 in CopyFiles */ = {isa = PBXBuildFile; fileRef = AE07EE5013B4C38000529161 /* Hitrate.1 */; };
		AE07EE5513B4C44500529161 /* MFCC.cpp in Sources */ = {isa = PBXBuildFile; fileRef = AEB04BE2137C1767005F6ED2 /* MFCC.cpp */; };
		AE07EE5613B4C44800529161 /* ClassificationHelper.cpp in Sources */ = {isa = PBXBuildFile; fileRef = AEB04BE5137C2724005F6ED2 /* ClassificationHelper.cpp */; };
		AE07EE5713B4C44A00529161 /* LinearClassification.cpp in Sources */ = {isa = PBXBuildFile; fileRef = AEC43BF91381490300718764 /* LinearClassification.cpp */; };
		AE07EE5813B4C45900529161 /* SoundHelper.cpp in Sources */ = {isa = PBXBuildFile; fileRef = AEB872AE137DA850000903FA /* SoundHelper.cpp */; };
		AE07EE5A13B4C45D00529161 /* LinearModel.cpp in Sources */ = {isa = PBXBuildFile; fileRef = AEC43BFD138153D400718764 /* LinearModel.cpp */; };
		AE07EE5C13B4C47200529161 /* Segment.cpp in Sources */ = {isa = PBXBuildFile; fileRef = AEFFB6571366E9F7002CCE9A /* Segment.cpp */; };
		AE07EE5D13B4C47700529161 /* SegmentOwner.cpp in Sources */ = {isa = PBXBuildFile; fileRef = AEFFB66A1367589B002CCE9A /* SegmentOwner.cpp */; };
		AE07EE5E13B4C4E700529161 /* libsndfile.dylib in Frameworks */ = {isa = PBXBuildFile; fileRef = AED3169B1379AF0F002CD225 /* libsndfile.dylib */; };
		AE07EE5F13B4C4E900529161 /* libfftw3.dylib in Frameworks */ = {isa = PBXBuildFile; fileRef = AEB04BF0137D6216005F6ED2 /* libfftw3.dylib */; };
		AE088AAB13B32CC9007D58EC /* main.cpp in Sources */ = {isa = PBXBuildFile; fileRef = AE088AAA13B32CC9007D58EC /* main.cpp */; };
		AE088AAD13B32CC9007D58EC /* simple.1 in CopyFiles */ = {isa = PBXBuildFile; fileRef = AE088AAC13B32CC9007D58EC /* simple.1 */; };
		AE1BD7061382713000DE2877 /* LinearAlgebraTests.cpp in Sources */ = {isa = PBXBuildFile; fileRef = AE1BD7051382713000DE2877 /* LinearAlgebraTests.cpp */; };
		AE3B332A139028D0007BEDE9 /* main.cpp in Sources */ = {isa = PBXBuildFile; fileRef = AE3B3329139028D0007BEDE9 /* main.cpp */; };
		AE3B333213902965007BEDE9 /* Classification.cpp in Sources */ = {isa = PBXBuildFile; fileRef = AEFFB66F13675974002CCE9A /* Classification.cpp */; };
		AE3B333513902965007BEDE9 /* MFCC.cpp in Sources */ = {isa = PBXBuildFile; fileRef = AEB04BE2137C1767005F6ED2 /* MFCC.cpp */; };
		AE3B333613902965007BEDE9 /* ClassificationHelper.cpp in Sources */ = {isa = PBXBuildFile; fileRef = AEB04BE5137C2724005F6ED2 /* ClassificationHelper.cpp */; };
		AE3B333913902965007BEDE9 /* SoundHelper.cpp in Sources */ = {isa = PBXBuildFile; fileRef = AEB872AE137DA850000903FA /* SoundHelper.cpp */; };
		AE3B333E13902965007BEDE9 /* LinearClassification.cpp in Sources */ = {isa = PBXBuildFile; fileRef = AEC43BF91381490300718764 /* LinearClassification.cpp */; };
		AE3B333F13902965007BEDE9 /* LinearModel.cpp in Sources */ = {isa = PBXBuildFile; fileRef = AEC43BFD138153D400718764 /* LinearModel.cpp */; };
		AE3B334813902965007BEDE9 /* libsndfile.dylib in Frameworks */ = {isa = PBXBuildFile; fileRef = AED3169B1379AF0F002CD225 /* libsndfile.dylib */; };
		AE3B334913902965007BEDE9 /* libfftw3.dylib in Frameworks */ = {isa = PBXBuildFile; fileRef = AEB04BF0137D6216005F6ED2 /* libfftw3.dylib */; };
		AE3B33501390297B007BEDE9 /* main.cpp in Sources */ = {isa = PBXBuildFile; fileRef = AE3B332313902825007BEDE9 /* main.cpp */; };
		AE5578E313A0DA2D00A75BEE /* DSPTest.cpp in Sources */ = {isa = PBXBuildFile; fileRef = AED7B60B1365915200FAD28F /* DSPTest.cpp */; };
		AE55C36013647EE800AFFF8B /* main.cpp in Sources */ = {isa = PBXBuildFile; fileRef = AE55C35F13647EE800AFFF8B /* main.cpp */; };
		AE55C382136481ED00AFFF8B /* gtest.framework in Frameworks */ = {isa = PBXBuildFile; fileRef = AE55C381136481ED00AFFF8B /* gtest.framework */; };
		AE860AAD13857F34000361BB /* TemplatesTest.cpp in Sources */ = {isa = PBXBuildFile; fileRef = AE860AAC13857F34000361BB /* TemplatesTest.cpp */; };
		AEB04BE1137C1601005F6ED2 /* MFCCTest.cpp in Sources */ = {isa = PBXBuildFile; fileRef = AEB04BDE137C1601005F6ED2 /* MFCCTest.cpp */; };
		AEB04BE3137C1767005F6ED2 /* MFCC.cpp in Sources */ = {isa = PBXBuildFile; fileRef = AEB04BE2137C1767005F6ED2 /* MFCC.cpp */; };
		AEB04BE4137C1767005F6ED2 /* MFCC.cpp in Sources */ = {isa = PBXBuildFile; fileRef = AEB04BE2137C1767005F6ED2 /* MFCC.cpp */; };
		AEB04BE7137C2724005F6ED2 /* ClassificationHelper.cpp in Sources */ = {isa = PBXBuildFile; fileRef = AEB04BE5137C2724005F6ED2 /* ClassificationHelper.cpp */; };
		AEB04BE8137C2724005F6ED2 /* ClassificationHelper.cpp in Sources */ = {isa = PBXBuildFile; fileRef = AEB04BE5137C2724005F6ED2 /* ClassificationHelper.cpp */; };
		AEB04BEF137C2DCA005F6ED2 /* ClassificationHelperTest.cpp in Sources */ = {isa = PBXBuildFile; fileRef = AEB04BEC137C2DC9005F6ED2 /* ClassificationHelperTest.cpp */; };
		AEB04BF1137D6216005F6ED2 /* libfftw3.dylib in Frameworks */ = {isa = PBXBuildFile; fileRef = AEB04BF0137D6216005F6ED2 /* libfftw3.dylib */; };
		AEB04BF2137D6216005F6ED2 /* libfftw3.dylib in Frameworks */ = {isa = PBXBuildFile; fileRef = AEB04BF0137D6216005F6ED2 /* libfftw3.dylib */; };
		AEB872AC137DA75A000903FA /* FFTW_Test.cpp in Sources */ = {isa = PBXBuildFile; fileRef = AEB872AA137DA75A000903FA /* FFTW_Test.cpp */; };
		AEB872B0137DA850000903FA /* SoundHelper.cpp in Sources */ = {isa = PBXBuildFile; fileRef = AEB872AE137DA850000903FA /* SoundHelper.cpp */; };
		AEB872B1137DA850000903FA /* SoundHelper.cpp in Sources */ = {isa = PBXBuildFile; fileRef = AEB872AE137DA850000903FA /* SoundHelper.cpp */; };
		AEB872B7137DDAC4000903FA /* SoundHelperTest.cpp in Sources */ = {isa = PBXBuildFile; fileRef = AEB872B5137DDAC3000903FA /* SoundHelperTest.cpp */; };
		AEC43BF0137FF85900718764 /* Perceptron.cpp in Sources */ = {isa = PBXBuildFile; fileRef = AEC43BEE137FF85900718764 /* Perceptron.cpp */; };
		AEC43BF1137FF85900718764 /* Perceptron.cpp in Sources */ = {isa = PBXBuildFile; fileRef = AEC43BEE137FF85900718764 /* Perceptron.cpp */; };
		AEC43BF413807D3B00718764 /* PerceptronTest.cpp in Sources */ = {isa = PBXBuildFile; fileRef = AEC43BF213807D3900718764 /* PerceptronTest.cpp */; };
		AEC43BFB1381490700718764 /* LinearClassification.cpp in Sources */ = {isa = PBXBuildFile; fileRef = AEC43BF91381490300718764 /* LinearClassification.cpp */; };
		AEC43BFC1381490700718764 /* LinearClassification.cpp in Sources */ = {isa = PBXBuildFile; fileRef = AEC43BF91381490300718764 /* LinearClassification.cpp */; };
		AEC43BFF138153E500718764 /* LinearModel.cpp in Sources */ = {isa = PBXBuildFile; fileRef = AEC43BFD138153D400718764 /* LinearModel.cpp */; };
		AEC43C00138153E500718764 /* LinearModel.cpp in Sources */ = {isa = PBXBuildFile; fileRef = AEC43BFD138153D400718764 /* LinearModel.cpp */; };
		AEC43C0213815B7900718764 /* LinearClassificationTest.cpp in Sources */ = {isa = PBXBuildFile; fileRef = AEC43C0113815B7700718764 /* LinearClassificationTest.cpp */; };
		AEC43C051381624D00718764 /* LinearModelTest.cpp in Sources */ = {isa = PBXBuildFile; fileRef = AEC43C041381622800718764 /* LinearModelTest.cpp */; };
		AED3169C1379AF0F002CD225 /* libsndfile.dylib in Frameworks */ = {isa = PBXBuildFile; fileRef = AED3169B1379AF0F002CD225 /* libsndfile.dylib */; };
		AEDF3F7C1371F285005C5623 /* BBSDelegateTest.cpp in Sources */ = {isa = PBXBuildFile; fileRef = AEDF3F791371F285005C5623 /* BBSDelegateTest.cpp */; };
		AEF9204C13A750EF0008C9B5 /* main.cpp in Sources */ = {isa = PBXBuildFile; fileRef = AEF9204B13A750EF0008C9B5 /* main.cpp */; };
		AEF9205313A752A40008C9B5 /* libfftw3.dylib in Frameworks */ = {isa = PBXBuildFile; fileRef = AEB04BF0137D6216005F6ED2 /* libfftw3.dylib */; };
		AEF9205413A752A70008C9B5 /* libsndfile.dylib in Frameworks */ = {isa = PBXBuildFile; fileRef = AED3169B1379AF0F002CD225 /* libsndfile.dylib */; };
		AEF9205613A752C80008C9B5 /* LinearClassification.cpp in Sources */ = {isa = PBXBuildFile; fileRef = AEC43BF91381490300718764 /* LinearClassification.cpp */; };
		AEF9205713A752CC0008C9B5 /* LinearModel.cpp in Sources */ = {isa = PBXBuildFile; fileRef = AEC43BFD138153D400718764 /* LinearModel.cpp */; };
		AEF9205813A752CE0008C9B5 /* Perceptron.cpp in Sources */ = {isa = PBXBuildFile; fileRef = AEC43BEE137FF85900718764 /* Perceptron.cpp */; };
		AEF9205913A752D70008C9B5 /* SoundHelper.cpp in Sources */ = {isa = PBXBuildFile; fileRef = AEB872AE137DA850000903FA /* SoundHelper.cpp */; };
		AEF9205A13A756070008C9B5 /* Classification.cpp in Sources */ = {isa = PBXBuildFile; fileRef = AEFFB66F13675974002CCE9A /* Classification.cpp */; };
		AEF9205B13A7562D0008C9B5 /* ClassificationHelper.cpp in Sources */ = {isa = PBXBuildFile; fileRef = AEB04BE5137C2724005F6ED2 /* ClassificationHelper.cpp */; };
		AEF9205C13A756390008C9B5 /* MFCC.cpp in Sources */ = {isa = PBXBuildFile; fileRef = AEB04BE2137C1767005F6ED2 /* MFCC.cpp */; };
		AEF9205D13A7567C0008C9B5 /* libsndfile.dylib in Frameworks */ = {isa = PBXBuildFile; fileRef = AED3169B1379AF0F002CD225 /* libsndfile.dylib */; };
		AEF9208E13A776570008C9B5 /* main.cpp in Sources */ = {isa = PBXBuildFile; fileRef = AEF9208D13A776570008C9B5 /* main.cpp */; };
		AEF9209413A776860008C9B5 /* ClassificationHelper.cpp in Sources */ = {isa = PBXBuildFile; fileRef = AEB04BE5137C2724005F6ED2 /* ClassificationHelper.cpp */; };
		AEF9209513A7768D0008C9B5 /* Classification.cpp in Sources */ = {isa = PBXBuildFile; fileRef = AEFFB66F13675974002CCE9A /* Classification.cpp */; };
		AEF9209613A776940008C9B5 /* SoundHelper.cpp in Sources */ = {isa = PBXBuildFile; fileRef = AEB872AE137DA850000903FA /* SoundHelper.cpp */; };
		AEF9209813A776990008C9B5 /* LinearClassification.cpp in Sources */ = {isa = PBXBuildFile; fileRef = AEC43BF91381490300718764 /* LinearClassification.cpp */; };
		AEF9209913A7769C0008C9B5 /* LinearModel.cpp in Sources */ = {isa = PBXBuildFile; fileRef = AEC43BFD138153D400718764 /* LinearModel.cpp */; };
		AEF9209A13A777090008C9B5 /* libfftw3.dylib in Frameworks */ = {isa = PBXBuildFile; fileRef = AEB04BF0137D6216005F6ED2 /* libfftw3.dylib */; };
		AEF9209B13A7770B0008C9B5 /* libsndfile.dylib in Frameworks */ = {isa = PBXBuildFile; fileRef = AED3169B1379AF0F002CD225 /* libsndfile.dylib */; };
		AEF9209C13A777440008C9B5 /* MFCC.cpp in Sources */ = {isa = PBXBuildFile; fileRef = AEB04BE2137C1767005F6ED2 /* MFCC.cpp */; };
		AEFFB6591366E9F7002CCE9A /* Segment.cpp in Sources */ = {isa = PBXBuildFile; fileRef = AEFFB6571366E9F7002CCE9A /* Segment.cpp */; };
		AEFFB65A1366E9F7002CCE9A /* Segment.cpp in Sources */ = {isa = PBXBuildFile; fileRef = AEFFB6571366E9F7002CCE9A /* Segment.cpp */; };
		AEFFB6611366FE1C002CCE9A /* SegmentTest.cpp in Sources */ = {isa = PBXBuildFile; fileRef = AEFFB65F1366FE1C002CCE9A /* SegmentTest.cpp */; };
		AEFFB66413670184002CCE9A /* HostController.cpp in Sources */ = {isa = PBXBuildFile; fileRef = AEFFB66213670183002CCE9A /* HostController.cpp */; };
		AEFFB66513670184002CCE9A /* HostController.cpp in Sources */ = {isa = PBXBuildFile; fileRef = AEFFB66213670183002CCE9A /* HostController.cpp */; };
		AEFFB66813675171002CCE9A /* BBSDelegate.cpp in Sources */ = {isa = PBXBuildFile; fileRef = AEFFB66613675170002CCE9A /* BBSDelegate.cpp */; };
		AEFFB66913675171002CCE9A /* BBSDelegate.cpp in Sources */ = {isa = PBXBuildFile; fileRef = AEFFB66613675170002CCE9A /* BBSDelegate.cpp */; };
		AEFFB66C1367589C002CCE9A /* SegmentOwner.cpp in Sources */ = {isa = PBXBuildFile; fileRef = AEFFB66A1367589B002CCE9A /* SegmentOwner.cpp */; };
		AEFFB66D1367589C002CCE9A /* SegmentOwner.cpp in Sources */ = {isa = PBXBuildFile; fileRef = AEFFB66A1367589B002CCE9A /* SegmentOwner.cpp */; };
		AEFFB67113675975002CCE9A /* Classification.cpp in Sources */ = {isa = PBXBuildFile; fileRef = AEFFB66F13675974002CCE9A /* Classification.cpp */; };
		AEFFB67213675975002CCE9A /* Classification.cpp in Sources */ = {isa = PBXBuildFile; fileRef = AEFFB66F13675974002CCE9A /* Classification.cpp */; };
/* End PBXBuildFile section */

/* Begin PBXCopyFilesBuildPhase section */
		AE07EE4913B4C37F00529161 /* CopyFiles */ = {
			isa = PBXCopyFilesBuildPhase;
			buildActionMask = 2147483647;
			dstPath = /usr/share/man/man1/;
			dstSubfolderSpec = 0;
			files = (
				AE07EE5113B4C38000529161 /* Hitrate.1 in CopyFiles */,
			);
			runOnlyForDeploymentPostprocessing = 1;
		};
		AE088AA513B32CC9007D58EC /* CopyFiles */ = {
			isa = PBXCopyFilesBuildPhase;
			buildActionMask = 2147483647;
			dstPath = /usr/share/man/man1/;
			dstSubfolderSpec = 0;
			files = (
				AE088AAD13B32CC9007D58EC /* simple.1 in CopyFiles */,
			);
			runOnlyForDeploymentPostprocessing = 1;
		};
		AE3B334A13902965007BEDE9 /* CopyFiles */ = {
			isa = PBXCopyFilesBuildPhase;
			buildActionMask = 2147483647;
			dstPath = /usr/share/man/man1/;
			dstSubfolderSpec = 0;
			files = (
			);
			runOnlyForDeploymentPostprocessing = 1;
		};
		AE55C35913647EE800AFFF8B /* CopyFiles */ = {
			isa = PBXCopyFilesBuildPhase;
			buildActionMask = 2147483647;
			dstPath = /usr/share/man/man1/;
			dstSubfolderSpec = 0;
			files = (
			);
			runOnlyForDeploymentPostprocessing = 1;
		};
		AE55C36913647EF600AFFF8B /* CopyFiles */ = {
			isa = PBXCopyFilesBuildPhase;
			buildActionMask = 2147483647;
			dstPath = /usr/share/man/man1/;
			dstSubfolderSpec = 0;
			files = (
			);
			runOnlyForDeploymentPostprocessing = 1;
		};
		AEF9204613A750EF0008C9B5 /* CopyFiles */ = {
			isa = PBXCopyFilesBuildPhase;
			buildActionMask = 2147483647;
			dstPath = /usr/share/man/man1/;
			dstSubfolderSpec = 0;
			files = (
			);
			runOnlyForDeploymentPostprocessing = 1;
		};
		AEF9208813A776550008C9B5 /* CopyFiles */ = {
			isa = PBXCopyFilesBuildPhase;
			buildActionMask = 2147483647;
			dstPath = /usr/share/man/man1/;
			dstSubfolderSpec = 0;
			files = (
			);
			runOnlyForDeploymentPostprocessing = 1;
		};
/* End PBXCopyFilesBuildPhase section */

/* Begin PBXFileReference section */
		AE07EE4B13B4C37F00529161 /* Hitrate */ = {isa = PBXFileReference; explicitFileType = "compiled.mach-o.executable"; includeInIndex = 0; path = Hitrate; sourceTree = BUILT_PRODUCTS_DIR; };
		AE07EE4E13B4C38000529161 /* main.cpp */ = {isa = PBXFileReference; lastKnownFileType = sourcecode.cpp.cpp; path = main.cpp; sourceTree = "<group>"; };
		AE07EE5013B4C38000529161 /* Hitrate.1 */ = {isa = PBXFileReference; lastKnownFileType = text.man; path = Hitrate.1; sourceTree = "<group>"; };
		AE088AA713B32CC9007D58EC /* simple */ = {isa = PBXFileReference; explicitFileType = "compiled.mach-o.executable"; includeInIndex = 0; path = simple; sourceTree = BUILT_PRODUCTS_DIR; };
		AE088AAA13B32CC9007D58EC /* main.cpp */ = {isa = PBXFileReference; lastKnownFileType = sourcecode.cpp.cpp; path = main.cpp; sourceTree = "<group>"; };
		AE088AAC13B32CC9007D58EC /* simple.1 */ = {isa = PBXFileReference; lastKnownFileType = text.man; path = simple.1; sourceTree = "<group>"; };
		AE1BD7051382713000DE2877 /* LinearAlgebraTests.cpp */ = {isa = PBXFileReference; fileEncoding = 4; lastKnownFileType = sourcecode.cpp.cpp; lineEnding = 0; path = LinearAlgebraTests.cpp; sourceTree = "<group>"; xcLanguageSpecificationIdentifier = xcode.lang.cpp; };
		AE3B332313902825007BEDE9 /* main.cpp */ = {isa = PBXFileReference; lastKnownFileType = sourcecode.cpp.cpp; path = main.cpp; sourceTree = "<group>"; };
		AE3B332513902825007BEDE9 /* Recognizer.1 */ = {isa = PBXFileReference; lastKnownFileType = text.man; path = Recognizer.1; sourceTree = "<group>"; };
		AE3B3329139028D0007BEDE9 /* main.cpp */ = {isa = PBXFileReference; fileEncoding = 4; lastKnownFileType = sourcecode.cpp.cpp; lineEnding = 0; path = main.cpp; sourceTree = "<group>"; xcLanguageSpecificationIdentifier = xcode.lang.cpp; };
		AE3B335113902A31007BEDE9 /* Recognizer */ = {isa = PBXFileReference; explicitFileType = "compiled.mach-o.executable"; includeInIndex = 0; path = Recognizer; sourceTree = BUILT_PRODUCTS_DIR; };
		AE55C35B13647EE800AFFF8B /* BeatTheBox */ = {isa = PBXFileReference; explicitFileType = "compiled.mach-o.executable"; includeInIndex = 0; path = BeatTheBox; sourceTree = BUILT_PRODUCTS_DIR; };
		AE55C35F13647EE800AFFF8B /* main.cpp */ = {isa = PBXFileReference; lastKnownFileType = sourcecode.cpp.cpp; path = main.cpp; sourceTree = "<group>"; };
		AE55C36113647EE800AFFF8B /* BeatTheBox.1 */ = {isa = PBXFileReference; lastKnownFileType = text.man; path = BeatTheBox.1; sourceTree = "<group>"; };
		AE55C36B13647EF600AFFF8B /* UnitTests */ = {isa = PBXFileReference; explicitFileType = "compiled.mach-o.executable"; includeInIndex = 0; path = UnitTests; sourceTree = BUILT_PRODUCTS_DIR; };
		AE55C37013647EF600AFFF8B /* UnitTests.1 */ = {isa = PBXFileReference; lastKnownFileType = text.man; path = UnitTests.1; sourceTree = "<group>"; };
		AE55C381136481ED00AFFF8B /* gtest.framework */ = {isa = PBXFileReference; lastKnownFileType = wrapper.framework; name = gtest.framework; path = Frameworks/gtest.framework; sourceTree = SOURCE_ROOT; };
		AE860AAC13857F34000361BB /* TemplatesTest.cpp */ = {isa = PBXFileReference; fileEncoding = 4; lastKnownFileType = sourcecode.cpp.cpp; lineEnding = 0; path = TemplatesTest.cpp; sourceTree = "<group>"; xcLanguageSpecificationIdentifier = xcode.lang.cpp; };
		AEB04BDA137C0A9E005F6ED2 /* MFCC.h */ = {isa = PBXFileReference; fileEncoding = 4; lastKnownFileType = sourcecode.c.h; path = MFCC.h; sourceTree = "<group>"; };
		AEB04BDE137C1601005F6ED2 /* MFCCTest.cpp */ = {isa = PBXFileReference; fileEncoding = 4; lastKnownFileType = sourcecode.cpp.cpp; lineEnding = 0; path = MFCCTest.cpp; sourceTree = "<group>"; xcLanguageSpecificationIdentifier = xcode.lang.cpp; };
		AEB04BE2137C1767005F6ED2 /* MFCC.cpp */ = {isa = PBXFileReference; fileEncoding = 4; lastKnownFileType = sourcecode.cpp.cpp; path = MFCC.cpp; sourceTree = "<group>"; };
		AEB04BE5137C2724005F6ED2 /* ClassificationHelper.cpp */ = {isa = PBXFileReference; fileEncoding = 4; lastKnownFileType = sourcecode.cpp.cpp; lineEnding = 0; path = ClassificationHelper.cpp; sourceTree = "<group>"; xcLanguageSpecificationIdentifier = xcode.lang.cpp; };
		AEB04BE6137C2724005F6ED2 /* ClassificationHelper.h */ = {isa = PBXFileReference; fileEncoding = 4; lastKnownFileType = sourcecode.c.h; path = ClassificationHelper.h; sourceTree = "<group>"; };
		AEB04BEC137C2DC9005F6ED2 /* ClassificationHelperTest.cpp */ = {isa = PBXFileReference; fileEncoding = 4; lastKnownFileType = sourcecode.cpp.cpp; lineEnding = 0; path = ClassificationHelperTest.cpp; sourceTree = "<group>"; xcLanguageSpecificationIdentifier = xcode.lang.cpp; };
		AEB04BF0137D6216005F6ED2 /* libfftw3.dylib */ = {isa = PBXFileReference; lastKnownFileType = "compiled.mach-o.dylib"; name = libfftw3.dylib; path = ../../../../../opt/local/lib/libfftw3.dylib; sourceTree = "<group>"; };
		AEB872AA137DA75A000903FA /* FFTW_Test.cpp */ = {isa = PBXFileReference; fileEncoding = 4; lastKnownFileType = sourcecode.cpp.cpp; lineEnding = 0; path = FFTW_Test.cpp; sourceTree = "<group>"; xcLanguageSpecificationIdentifier = xcode.lang.cpp; };
		AEB872AE137DA850000903FA /* SoundHelper.cpp */ = {isa = PBXFileReference; fileEncoding = 4; lastKnownFileType = sourcecode.cpp.cpp; path = SoundHelper.cpp; sourceTree = "<group>"; };
		AEB872AF137DA850000903FA /* SoundHelper.h */ = {isa = PBXFileReference; fileEncoding = 4; lastKnownFileType = sourcecode.c.h; path = SoundHelper.h; sourceTree = "<group>"; };
		AEB872B5137DDAC3000903FA /* SoundHelperTest.cpp */ = {isa = PBXFileReference; fileEncoding = 4; lastKnownFileType = sourcecode.cpp.cpp; lineEnding = 0; path = SoundHelperTest.cpp; sourceTree = "<group>"; xcLanguageSpecificationIdentifier = xcode.lang.cpp; };
		AEC43BEE137FF85900718764 /* Perceptron.cpp */ = {isa = PBXFileReference; fileEncoding = 4; lastKnownFileType = sourcecode.cpp.cpp; path = Perceptron.cpp; sourceTree = "<group>"; };
		AEC43BEF137FF85900718764 /* Perceptron.h */ = {isa = PBXFileReference; fileEncoding = 4; lastKnownFileType = sourcecode.c.h; path = Perceptron.h; sourceTree = "<group>"; };
		AEC43BF213807D3900718764 /* PerceptronTest.cpp */ = {isa = PBXFileReference; fileEncoding = 4; lastKnownFileType = sourcecode.cpp.cpp; lineEnding = 0; path = PerceptronTest.cpp; sourceTree = "<group>"; xcLanguageSpecificationIdentifier = xcode.lang.cpp; };
		AEC43BF61381435F00718764 /* LinearAlgebra.h */ = {isa = PBXFileReference; fileEncoding = 4; lastKnownFileType = sourcecode.c.h; path = LinearAlgebra.h; sourceTree = "<group>"; };
		AEC43BF91381490300718764 /* LinearClassification.cpp */ = {isa = PBXFileReference; fileEncoding = 4; lastKnownFileType = sourcecode.cpp.cpp; path = LinearClassification.cpp; sourceTree = "<group>"; };
		AEC43BFA1381490500718764 /* LinearClassification.h */ = {isa = PBXFileReference; fileEncoding = 4; lastKnownFileType = sourcecode.c.h; path = LinearClassification.h; sourceTree = "<group>"; };
		AEC43BFD138153D400718764 /* LinearModel.cpp */ = {isa = PBXFileReference; fileEncoding = 4; lastKnownFileType = sourcecode.cpp.cpp; path = LinearModel.cpp; sourceTree = "<group>"; };
		AEC43BFE138153DD00718764 /* LinearModel.h */ = {isa = PBXFileReference; fileEncoding = 4; lastKnownFileType = sourcecode.c.h; path = LinearModel.h; sourceTree = "<group>"; };
		AEC43C0113815B7700718764 /* LinearClassificationTest.cpp */ = {isa = PBXFileReference; fileEncoding = 4; lastKnownFileType = sourcecode.cpp.cpp; lineEnding = 0; path = LinearClassificationTest.cpp; sourceTree = "<group>"; xcLanguageSpecificationIdentifier = xcode.lang.cpp; };
		AEC43C041381622800718764 /* LinearModelTest.cpp */ = {isa = PBXFileReference; explicitFileType = sourcecode.cpp.cpp; fileEncoding = 4; lineEnding = 0; path = LinearModelTest.cpp; sourceTree = "<group>"; xcLanguageSpecificationIdentifier = xcode.lang.cpp; };
		AED3169B1379AF0F002CD225 /* libsndfile.dylib */ = {isa = PBXFileReference; lastKnownFileType = "compiled.mach-o.dylib"; name = libsndfile.dylib; path = ../../../../../opt/local/lib/libsndfile.dylib; sourceTree = "<group>"; };
		AED3169F1379B1C9002CD225 /* sndfile.hh */ = {isa = PBXFileReference; fileEncoding = 4; lastKnownFileType = sourcecode.cpp.h; name = sndfile.hh; path = /opt/local/include/sndfile.hh; sourceTree = "<absolute>"; };
		AED7B5FD13658A7600FAD28F /* DSP.h */ = {isa = PBXFileReference; fileEncoding = 4; lastKnownFileType = sourcecode.c.h; path = DSP.h; sourceTree = "<group>"; };
		AED7B60B1365915200FAD28F /* DSPTest.cpp */ = {isa = PBXFileReference; fileEncoding = 4; lastKnownFileType = sourcecode.cpp.cpp; lineEnding = 0; path = DSPTest.cpp; sourceTree = "<group>"; xcLanguageSpecificationIdentifier = xcode.lang.cpp; };
		AEDF3F791371F285005C5623 /* BBSDelegateTest.cpp */ = {isa = PBXFileReference; fileEncoding = 4; lastKnownFileType = sourcecode.cpp.cpp; lineEnding = 0; path = BBSDelegateTest.cpp; sourceTree = "<group>"; xcLanguageSpecificationIdentifier = xcode.lang.cpp; };
		AEF9204813A750EF0008C9B5 /* Train */ = {isa = PBXFileReference; explicitFileType = "compiled.mach-o.executable"; includeInIndex = 0; path = Train; sourceTree = BUILT_PRODUCTS_DIR; };
		AEF9204B13A750EF0008C9B5 /* main.cpp */ = {isa = PBXFileReference; lastKnownFileType = sourcecode.cpp.cpp; path = main.cpp; sourceTree = "<group>"; };
		AEF9204D13A750F00008C9B5 /* Train.1 */ = {isa = PBXFileReference; lastKnownFileType = text.man; path = Train.1; sourceTree = "<group>"; };
		AEF9208A13A776550008C9B5 /* MemTest */ = {isa = PBXFileReference; explicitFileType = "compiled.mach-o.executable"; includeInIndex = 0; path = MemTest; sourceTree = BUILT_PRODUCTS_DIR; };
		AEF9208D13A776570008C9B5 /* main.cpp */ = {isa = PBXFileReference; lastKnownFileType = sourcecode.cpp.cpp; path = main.cpp; sourceTree = "<group>"; };
		AEF9208F13A776570008C9B5 /* MemTest.1 */ = {isa = PBXFileReference; lastKnownFileType = text.man; path = MemTest.1; sourceTree = "<group>"; };
		AEFFB6571366E9F7002CCE9A /* Segment.cpp */ = {isa = PBXFileReference; fileEncoding = 4; lastKnownFileType = sourcecode.cpp.cpp; path = Segment.cpp; sourceTree = "<group>"; };
		AEFFB6581366E9F7002CCE9A /* Segment.h */ = {isa = PBXFileReference; fileEncoding = 4; lastKnownFileType = sourcecode.c.h; path = Segment.h; sourceTree = "<group>"; };
		AEFFB65F1366FE1C002CCE9A /* SegmentTest.cpp */ = {isa = PBXFileReference; fileEncoding = 4; lastKnownFileType = sourcecode.cpp.cpp; lineEnding = 0; path = SegmentTest.cpp; sourceTree = "<group>"; xcLanguageSpecificationIdentifier = xcode.lang.cpp; };
		AEFFB66213670183002CCE9A /* HostController.cpp */ = {isa = PBXFileReference; fileEncoding = 4; lastKnownFileType = sourcecode.cpp.cpp; path = HostController.cpp; sourceTree = "<group>"; };
		AEFFB66313670183002CCE9A /* HostController.h */ = {isa = PBXFileReference; fileEncoding = 4; lastKnownFileType = sourcecode.c.h; path = HostController.h; sourceTree = "<group>"; };
		AEFFB66613675170002CCE9A /* BBSDelegate.cpp */ = {isa = PBXFileReference; fileEncoding = 4; lastKnownFileType = sourcecode.cpp.cpp; path = BBSDelegate.cpp; sourceTree = "<group>"; };
		AEFFB66713675170002CCE9A /* BBSDelegate.h */ = {isa = PBXFileReference; fileEncoding = 4; lastKnownFileType = sourcecode.c.h; path = BBSDelegate.h; sourceTree = "<group>"; };
		AEFFB66A1367589B002CCE9A /* SegmentOwner.cpp */ = {isa = PBXFileReference; fileEncoding = 4; lastKnownFileType = sourcecode.cpp.cpp; path = SegmentOwner.cpp; sourceTree = "<group>"; };
		AEFFB66B1367589C002CCE9A /* SegmentOwner.h */ = {isa = PBXFileReference; fileEncoding = 4; lastKnownFileType = sourcecode.c.h; path = SegmentOwner.h; sourceTree = "<group>"; };
		AEFFB66E13675950002CCE9A /* constants.h */ = {isa = PBXFileReference; fileEncoding = 4; lastKnownFileType = sourcecode.c.h; path = constants.h; sourceTree = "<group>"; };
		AEFFB66F13675974002CCE9A /* Classification.cpp */ = {isa = PBXFileReference; fileEncoding = 4; lastKnownFileType = sourcecode.cpp.cpp; path = Classification.cpp; sourceTree = "<group>"; };
		AEFFB67013675974002CCE9A /* Classification.h */ = {isa = PBXFileReference; fileEncoding = 4; lastKnownFileType = sourcecode.c.h; path = Classification.h; sourceTree = "<group>"; };
/* End PBXFileReference section */

/* Begin PBXFrameworksBuildPhase section */
		AE07EE4813B4C37F00529161 /* Frameworks */ = {
			isa = PBXFrameworksBuildPhase;
			buildActionMask = 2147483647;
			files = (
				AE07EE5E13B4C4E700529161 /* libsndfile.dylib in Frameworks */,
				AE07EE5F13B4C4E900529161 /* libfftw3.dylib in Frameworks */,
			);
			runOnlyForDeploymentPostprocessing = 0;
		};
		AE088AA413B32CC9007D58EC /* Frameworks */ = {
			isa = PBXFrameworksBuildPhase;
			buildActionMask = 2147483647;
			files = (
			);
			runOnlyForDeploymentPostprocessing = 0;
		};
		AE3B334613902965007BEDE9 /* Frameworks */ = {
			isa = PBXFrameworksBuildPhase;
			buildActionMask = 2147483647;
			files = (
				AE3B334813902965007BEDE9 /* libsndfile.dylib in Frameworks */,
				AE3B334913902965007BEDE9 /* libfftw3.dylib in Frameworks */,
			);
			runOnlyForDeploymentPostprocessing = 0;
		};
		AE55C35813647EE800AFFF8B /* Frameworks */ = {
			isa = PBXFrameworksBuildPhase;
			buildActionMask = 2147483647;
			files = (
				AEB04BF1137D6216005F6ED2 /* libfftw3.dylib in Frameworks */,
				AEF9205D13A7567C0008C9B5 /* libsndfile.dylib in Frameworks */,
			);
			runOnlyForDeploymentPostprocessing = 0;
		};
		AE55C36813647EF600AFFF8B /* Frameworks */ = {
			isa = PBXFrameworksBuildPhase;
			buildActionMask = 2147483647;
			files = (
				AE55C382136481ED00AFFF8B /* gtest.framework in Frameworks */,
				AED3169C1379AF0F002CD225 /* libsndfile.dylib in Frameworks */,
				AEB04BF2137D6216005F6ED2 /* libfftw3.dylib in Frameworks */,
			);
			runOnlyForDeploymentPostprocessing = 0;
		};
		AEF9204513A750EF0008C9B5 /* Frameworks */ = {
			isa = PBXFrameworksBuildPhase;
			buildActionMask = 2147483647;
			files = (
				AEF9205413A752A70008C9B5 /* libsndfile.dylib in Frameworks */,
				AEF9205313A752A40008C9B5 /* libfftw3.dylib in Frameworks */,
			);
			runOnlyForDeploymentPostprocessing = 0;
		};
		AEF9208713A776550008C9B5 /* Frameworks */ = {
			isa = PBXFrameworksBuildPhase;
			buildActionMask = 2147483647;
			files = (
				AEF9209B13A7770B0008C9B5 /* libsndfile.dylib in Frameworks */,
				AEF9209A13A777090008C9B5 /* libfftw3.dylib in Frameworks */,
			);
			runOnlyForDeploymentPostprocessing = 0;
		};
/* End PBXFrameworksBuildPhase section */

/* Begin PBXGroup section */
		AE07EE4D13B4C37F00529161 /* Hitrate */ = {
			isa = PBXGroup;
			children = (
				AE07EE4E13B4C38000529161 /* main.cpp */,
				AE07EE5013B4C38000529161 /* Hitrate.1 */,
			);
			path = Hitrate;
			sourceTree = "<group>";
		};
		AE088AA913B32CC9007D58EC /* simple */ = {
			isa = PBXGroup;
			children = (
				AE088AAA13B32CC9007D58EC /* main.cpp */,
				AE088AAC13B32CC9007D58EC /* simple.1 */,
			);
			path = simple;
			sourceTree = "<group>";
		};
		AE3B332213902825007BEDE9 /* Recognizer */ = {
			isa = PBXGroup;
			children = (
				AE3B332313902825007BEDE9 /* main.cpp */,
				AE3B332513902825007BEDE9 /* Recognizer.1 */,
			);
			path = Recognizer;
			sourceTree = "<group>";
		};
		AE55C35013647EE700AFFF8B = {
			isa = PBXGroup;
			children = (
				AE3B332213902825007BEDE9 /* Recognizer */,
				AEF9204A13A750EF0008C9B5 /* Train */,
				AEF9208C13A776550008C9B5 /* MemTest */,
				AE088AA913B32CC9007D58EC /* simple */,
				AE07EE4D13B4C37F00529161 /* Hitrate */,
				AE55C37413647F2400AFFF8B /* Frameworks */,
				AE55C35E13647EE800AFFF8B /* BeatTheBox */,
				AE55C36D13647EF600AFFF8B /* UnitTests */,
				AE55C35C13647EE800AFFF8B /* Products */,
			);
			sourceTree = "<group>";
		};
		AE55C35C13647EE800AFFF8B /* Products */ = {
			isa = PBXGroup;
			children = (
				AE55C35B13647EE800AFFF8B /* BeatTheBox */,
				AE55C36B13647EF600AFFF8B /* UnitTests */,
				AE3B335113902A31007BEDE9 /* Recognizer */,
				AEF9204813A750EF0008C9B5 /* Train */,
				AEF9208A13A776550008C9B5 /* MemTest */,
				AE088AA713B32CC9007D58EC /* simple */,
				AE07EE4B13B4C37F00529161 /* Hitrate */,
			);
			name = Products;
			sourceTree = "<group>";
		};
		AE55C35E13647EE800AFFF8B /* BeatTheBox */ = {
			isa = PBXGroup;
			children = (
				AED3169F1379B1C9002CD225 /* sndfile.hh */,
				AE55C36113647EE800AFFF8B /* BeatTheBox.1 */,
				AED7B5FD13658A7600FAD28F /* DSP.h */,
				AEC43BF61381435F00718764 /* LinearAlgebra.h */,
				AEFFB6571366E9F7002CCE9A /* Segment.cpp */,
				AEFFB6581366E9F7002CCE9A /* Segment.h */,
				AEFFB66213670183002CCE9A /* HostController.cpp */,
				AEFFB66313670183002CCE9A /* HostController.h */,
				AEFFB66613675170002CCE9A /* BBSDelegate.cpp */,
				AEFFB66713675170002CCE9A /* BBSDelegate.h */,
				AEFFB66A1367589B002CCE9A /* SegmentOwner.cpp */,
				AEFFB66B1367589C002CCE9A /* SegmentOwner.h */,
				AE55C35F13647EE800AFFF8B /* main.cpp */,
				AEFFB66E13675950002CCE9A /* constants.h */,
				AEFFB66F13675974002CCE9A /* Classification.cpp */,
				AEFFB67013675974002CCE9A /* Classification.h */,
				AEB04BDA137C0A9E005F6ED2 /* MFCC.h */,
				AEB04BE2137C1767005F6ED2 /* MFCC.cpp */,
				AEB04BE5137C2724005F6ED2 /* ClassificationHelper.cpp */,
				AEB04BE6137C2724005F6ED2 /* ClassificationHelper.h */,
				AEB872AE137DA850000903FA /* SoundHelper.cpp */,
				AEB872AF137DA850000903FA /* SoundHelper.h */,
				AEC43BF91381490300718764 /* LinearClassification.cpp */,
				AEC43BFA1381490500718764 /* LinearClassification.h */,
				AEC43BFD138153D400718764 /* LinearModel.cpp */,
				AEC43BFE138153DD00718764 /* LinearModel.h */,
				AEC43BEE137FF85900718764 /* Perceptron.cpp */,
				AEC43BEF137FF85900718764 /* Perceptron.h */,
			);
			path = BeatTheBox;
			sourceTree = "<group>";
		};
		AE55C36D13647EF600AFFF8B /* UnitTests */ = {
			isa = PBXGroup;
			children = (
				AE55C37013647EF600AFFF8B /* UnitTests.1 */,
				AEC43C041381622800718764 /* LinearModelTest.cpp */,
				AEFFB65F1366FE1C002CCE9A /* SegmentTest.cpp */,
				AEDF3F791371F285005C5623 /* BBSDelegateTest.cpp */,
				AEB04BDE137C1601005F6ED2 /* MFCCTest.cpp */,
				AEB04BEC137C2DC9005F6ED2 /* ClassificationHelperTest.cpp */,
				AE3B3329139028D0007BEDE9 /* main.cpp */,
				AEB872AA137DA75A000903FA /* FFTW_Test.cpp */,
				AEB872B5137DDAC3000903FA /* SoundHelperTest.cpp */,
				AEC43C0113815B7700718764 /* LinearClassificationTest.cpp */,
				AEC43BF213807D3900718764 /* PerceptronTest.cpp */,
				AE1BD7051382713000DE2877 /* LinearAlgebraTests.cpp */,
				AE860AAC13857F34000361BB /* TemplatesTest.cpp */,
				AED7B60B1365915200FAD28F /* DSPTest.cpp */,
			);
			path = UnitTests;
			sourceTree = "<group>";
		};
		AE55C37413647F2400AFFF8B /* Frameworks */ = {
			isa = PBXGroup;
			children = (
				AEB04BF0137D6216005F6ED2 /* libfftw3.dylib */,
				AED3169B1379AF0F002CD225 /* libsndfile.dylib */,
				AE55C381136481ED00AFFF8B /* gtest.framework */,
			);
			name = Frameworks;
			path = UnitTests;
			sourceTree = "<group>";
		};
		AEF9204A13A750EF0008C9B5 /* Train */ = {
			isa = PBXGroup;
			children = (
				AEF9204B13A750EF0008C9B5 /* main.cpp */,
				AEF9204D13A750F00008C9B5 /* Train.1 */,
			);
			path = Train;
			sourceTree = "<group>";
		};
		AEF9208C13A776550008C9B5 /* MemTest */ = {
			isa = PBXGroup;
			children = (
				AEF9208D13A776570008C9B5 /* main.cpp */,
				AEF9208F13A776570008C9B5 /* MemTest.1 */,
			);
			path = MemTest;
			sourceTree = "<group>";
		};
/* End PBXGroup section */

/* Begin PBXNativeTarget section */
		AE07EE4A13B4C37F00529161 /* Hitrate */ = {
			isa = PBXNativeTarget;
			buildConfigurationList = AE07EE5213B4C38000529161 /* Build configuration list for PBXNativeTarget "Hitrate" */;
			buildPhases = (
				AE07EE4713B4C37F00529161 /* Sources */,
				AE07EE4813B4C37F00529161 /* Frameworks */,
				AE07EE4913B4C37F00529161 /* CopyFiles */,
			);
			buildRules = (
			);
			dependencies = (
			);
			name = Hitrate;
			productName = Hitrate;
			productReference = AE07EE4B13B4C37F00529161 /* Hitrate */;
			productType = "com.apple.product-type.tool";
		};
		AE088AA613B32CC9007D58EC /* simple */ = {
			isa = PBXNativeTarget;
			buildConfigurationList = AE088AB013B32CC9007D58EC /* Build configuration list for PBXNativeTarget "simple" */;
			buildPhases = (
				AE088AA313B32CC9007D58EC /* Sources */,
				AE088AA413B32CC9007D58EC /* Frameworks */,
				AE088AA513B32CC9007D58EC /* CopyFiles */,
			);
			buildRules = (
			);
			dependencies = (
			);
			name = simple;
			productName = simple;
			productReference = AE088AA713B32CC9007D58EC /* simple */;
			productType = "com.apple.product-type.tool";
		};
		AE3B332B13902965007BEDE9 /* Recognizer */ = {
			isa = PBXNativeTarget;
			buildConfigurationList = AE3B334B13902965007BEDE9 /* Build configuration list for PBXNativeTarget "Recognizer" */;
			buildPhases = (
				AE3B332C13902965007BEDE9 /* Sources */,
				AE3B334613902965007BEDE9 /* Frameworks */,
				AE3B334A13902965007BEDE9 /* CopyFiles */,
			);
			buildRules = (
			);
			dependencies = (
			);
			name = Recognizer;
			productName = UnitTests;
			productReference = AE3B335113902A31007BEDE9 /* Recognizer */;
			productType = "com.apple.product-type.tool";
		};
		AE55C35A13647EE800AFFF8B /* BeatTheBox */ = {
			isa = PBXNativeTarget;
			buildConfigurationList = AE55C36413647EE800AFFF8B /* Build configuration list for PBXNativeTarget "BeatTheBox" */;
			buildPhases = (
				AE55C35713647EE800AFFF8B /* Sources */,
				AE55C35813647EE800AFFF8B /* Frameworks */,
				AE55C35913647EE800AFFF8B /* CopyFiles */,
			);
			buildRules = (
			);
			dependencies = (
			);
			name = BeatTheBox;
			productName = BeatTheBox;
			productReference = AE55C35B13647EE800AFFF8B /* BeatTheBox */;
			productType = "com.apple.product-type.tool";
		};
		AE55C36A13647EF600AFFF8B /* UnitTests */ = {
			isa = PBXNativeTarget;
			buildConfigurationList = AE55C37113647EF600AFFF8B /* Build configuration list for PBXNativeTarget "UnitTests" */;
			buildPhases = (
				AE55C36713647EF600AFFF8B /* Sources */,
				AE55C36813647EF600AFFF8B /* Frameworks */,
				AE55C36913647EF600AFFF8B /* CopyFiles */,
			);
			buildRules = (
			);
			dependencies = (
			);
			name = UnitTests;
			productName = UnitTests;
			productReference = AE55C36B13647EF600AFFF8B /* UnitTests */;
			productType = "com.apple.product-type.tool";
		};
		AEF9204713A750EF0008C9B5 /* Train */ = {
			isa = PBXNativeTarget;
			buildConfigurationList = AEF9204E13A750F00008C9B5 /* Build configuration list for PBXNativeTarget "Train" */;
			buildPhases = (
				AEF9204413A750EF0008C9B5 /* Sources */,
				AEF9204513A750EF0008C9B5 /* Frameworks */,
				AEF9204613A750EF0008C9B5 /* CopyFiles */,
			);
			buildRules = (
			);
			dependencies = (
			);
			name = Train;
			productName = Train;
			productReference = AEF9204813A750EF0008C9B5 /* Train */;
			productType = "com.apple.product-type.tool";
		};
		AEF9208913A776550008C9B5 /* MemTest */ = {
			isa = PBXNativeTarget;
			buildConfigurationList = AEF9209213A776570008C9B5 /* Build configuration list for PBXNativeTarget "MemTest" */;
			buildPhases = (
				AEF9208613A776550008C9B5 /* Sources */,
				AEF9208713A776550008C9B5 /* Frameworks */,
				AEF9208813A776550008C9B5 /* CopyFiles */,
			);
			buildRules = (
			);
			dependencies = (
			);
			name = MemTest;
			productName = MemTest;
			productReference = AEF9208A13A776550008C9B5 /* MemTest */;
			productType = "com.apple.product-type.tool";
		};
/* End PBXNativeTarget section */

/* Begin PBXProject section */
		AE55C35213647EE700AFFF8B /* Project object */ = {
			isa = PBXProject;
			attributes = {
				LastUpgradeCheck = 0420;
			};
			buildConfigurationList = AE55C35513647EE700AFFF8B /* Build configuration list for PBXProject "BeatTheBox" */;
			compatibilityVersion = "Xcode 3.2";
			developmentRegion = English;
			hasScannedForEncodings = 0;
			knownRegions = (
				en,
			);
			mainGroup = AE55C35013647EE700AFFF8B;
			productRefGroup = AE55C35C13647EE800AFFF8B /* Products */;
			projectDirPath = "";
			projectRoot = "";
			targets = (
				AE55C35A13647EE800AFFF8B /* BeatTheBox */,
				AE55C36A13647EF600AFFF8B /* UnitTests */,
				AE3B332B13902965007BEDE9 /* Recognizer */,
				AEF9204713A750EF0008C9B5 /* Train */,
				AEF9208913A776550008C9B5 /* MemTest */,
				AE088AA613B32CC9007D58EC /* simple */,
				AE07EE4A13B4C37F00529161 /* Hitrate */,
			);
		};
/* End PBXProject section */

/* Begin PBXSourcesBuildPhase section */
		AE07EE4713B4C37F00529161 /* Sources */ = {
			isa = PBXSourcesBuildPhase;
			buildActionMask = 2147483647;
			files = (
				AE07EE5713B4C44A00529161 /* LinearClassification.cpp in Sources */,
				AE07EE5C13B4C47200529161 /* Segment.cpp in Sources */,
				AE07EE5A13B4C45D00529161 /* LinearModel.cpp in Sources */,
				AE07EE5D13B4C47700529161 /* SegmentOwner.cpp in Sources */,
				AE07EE5513B4C44500529161 /* MFCC.cpp in Sources */,
				AE07EE4F13B4C38000529161 /* main.cpp in Sources */,
				AE07EE5813B4C45900529161 /* SoundHelper.cpp in Sources */,
				AE07EE5613B4C44800529161 /* ClassificationHelper.cpp in Sources */,
			);
			runOnlyForDeploymentPostprocessing = 0;
		};
		AE088AA313B32CC9007D58EC /* Sources */ = {
			isa = PBXSourcesBuildPhase;
			buildActionMask = 2147483647;
			files = (
				AE088AAB13B32CC9007D58EC /* main.cpp in Sources */,
			);
			runOnlyForDeploymentPostprocessing = 0;
		};
		AE3B332C13902965007BEDE9 /* Sources */ = {
			isa = PBXSourcesBuildPhase;
			buildActionMask = 2147483647;
			files = (
				AE3B333213902965007BEDE9 /* Classification.cpp in Sources */,
				AE3B333513902965007BEDE9 /* MFCC.cpp in Sources */,
				AE3B333613902965007BEDE9 /* ClassificationHelper.cpp in Sources */,
				AE3B333913902965007BEDE9 /* SoundHelper.cpp in Sources */,
				AE3B33501390297B007BEDE9 /* main.cpp in Sources */,
				AE3B333E13902965007BEDE9 /* LinearClassification.cpp in Sources */,
				AE3B333F13902965007BEDE9 /* LinearModel.cpp in Sources */,
			);
			runOnlyForDeploymentPostprocessing = 0;
		};
		AE55C35713647EE800AFFF8B /* Sources */ = {
			isa = PBXSourcesBuildPhase;
			buildActionMask = 2147483647;
			files = (
				AE55C36013647EE800AFFF8B /* main.cpp in Sources */,
				AEFFB6591366E9F7002CCE9A /* Segment.cpp in Sources */,
				AEFFB66413670184002CCE9A /* HostController.cpp in Sources */,
				AEFFB66813675171002CCE9A /* BBSDelegate.cpp in Sources */,
				AEFFB66C1367589C002CCE9A /* SegmentOwner.cpp in Sources */,
				AEFFB67113675975002CCE9A /* Classification.cpp in Sources */,
				AEB04BE3137C1767005F6ED2 /* MFCC.cpp in Sources */,
				AEB04BE7137C2724005F6ED2 /* ClassificationHelper.cpp in Sources */,
				AEB872B0137DA850000903FA /* SoundHelper.cpp in Sources */,
				AEC43BF0137FF85900718764 /* Perceptron.cpp in Sources */,
				AEC43BFB1381490700718764 /* LinearClassification.cpp in Sources */,
				AEC43BFF138153E500718764 /* LinearModel.cpp in Sources */,
			);
			runOnlyForDeploymentPostprocessing = 0;
		};
		AE55C36713647EF600AFFF8B /* Sources */ = {
			isa = PBXSourcesBuildPhase;
			buildActionMask = 2147483647;
			files = (
				AEFFB65A1366E9F7002CCE9A /* Segment.cpp in Sources */,
				AEFFB6611366FE1C002CCE9A /* SegmentTest.cpp in Sources */,
				AEFFB66513670184002CCE9A /* HostController.cpp in Sources */,
				AEFFB66913675171002CCE9A /* BBSDelegate.cpp in Sources */,
				AEFFB66D1367589C002CCE9A /* SegmentOwner.cpp in Sources */,
				AEFFB67213675975002CCE9A /* Classification.cpp in Sources */,
				AEDF3F7C1371F285005C5623 /* BBSDelegateTest.cpp in Sources */,
				AEB04BE1137C1601005F6ED2 /* MFCCTest.cpp in Sources */,
				AEB04BE4137C1767005F6ED2 /* MFCC.cpp in Sources */,
				AEB04BE8137C2724005F6ED2 /* ClassificationHelper.cpp in Sources */,
				AEB04BEF137C2DCA005F6ED2 /* ClassificationHelperTest.cpp in Sources */,
				AEB872AC137DA75A000903FA /* FFTW_Test.cpp in Sources */,
				AEB872B1137DA850000903FA /* SoundHelper.cpp in Sources */,
				AEB872B7137DDAC4000903FA /* SoundHelperTest.cpp in Sources */,
				AEC43BF1137FF85900718764 /* Perceptron.cpp in Sources */,
				AEC43BF413807D3B00718764 /* PerceptronTest.cpp in Sources */,
				AEC43BFC1381490700718764 /* LinearClassification.cpp in Sources */,
				AEC43C00138153E500718764 /* LinearModel.cpp in Sources */,
				AEC43C0213815B7900718764 /* LinearClassificationTest.cpp in Sources */,
				AEC43C051381624D00718764 /* LinearModelTest.cpp in Sources */,
				AE1BD7061382713000DE2877 /* LinearAlgebraTests.cpp in Sources */,
				AE860AAD13857F34000361BB /* TemplatesTest.cpp in Sources */,
				AE3B332A139028D0007BEDE9 /* main.cpp in Sources */,
				AE5578E313A0DA2D00A75BEE /* DSPTest.cpp in Sources */,
			);
			runOnlyForDeploymentPostprocessing = 0;
		};
		AEF9204413A750EF0008C9B5 /* Sources */ = {
			isa = PBXSourcesBuildPhase;
			buildActionMask = 2147483647;
			files = (
				AEF9205A13A756070008C9B5 /* Classification.cpp in Sources */,
				AEF9205B13A7562D0008C9B5 /* ClassificationHelper.cpp in Sources */,
				AEF9205C13A756390008C9B5 /* MFCC.cpp in Sources */,
				AEF9205913A752D70008C9B5 /* SoundHelper.cpp in Sources */,
				AEF9205813A752CE0008C9B5 /* Perceptron.cpp in Sources */,
				AEF9205713A752CC0008C9B5 /* LinearModel.cpp in Sources */,
				AEF9205613A752C80008C9B5 /* LinearClassification.cpp in Sources */,
				AEF9204C13A750EF0008C9B5 /* main.cpp in Sources */,
			);
			runOnlyForDeploymentPostprocessing = 0;
		};
		AEF9208613A776550008C9B5 /* Sources */ = {
			isa = PBXSourcesBuildPhase;
			buildActionMask = 2147483647;
			files = (
				AEF9209C13A777440008C9B5 /* MFCC.cpp in Sources */,
				AEF9209913A7769C0008C9B5 /* LinearModel.cpp in Sources */,
				AEF9209813A776990008C9B5 /* LinearClassification.cpp in Sources */,
				AEF9209613A776940008C9B5 /* SoundHelper.cpp in Sources */,
				AEF9209513A7768D0008C9B5 /* Classification.cpp in Sources */,
				AEF9209413A776860008C9B5 /* ClassificationHelper.cpp in Sources */,
				AEF9208E13A776570008C9B5 /* main.cpp in Sources */,
			);
			runOnlyForDeploymentPostprocessing = 0;
		};
/* End PBXSourcesBuildPhase section */

/* Begin XCBuildConfiguration section */
		AE07EE5313B4C38000529161 /* Debug */ = {
			isa = XCBuildConfiguration;
			buildSettings = {
				ALWAYS_SEARCH_USER_PATHS = NO;
				COPY_PHASE_STRIP = NO;
				GCC_DYNAMIC_NO_PIC = NO;
				GCC_ENABLE_OBJC_EXCEPTIONS = YES;
				GCC_PREPROCESSOR_DEFINITIONS = (
					"DEBUG=1",
					"$(inherited)",
				);
				GCC_VERSION = com.apple.compilers.llvm.clang.1_0;
				HEADER_SEARCH_PATHS = /opt/local/include;
				LIBRARY_SEARCH_PATHS = /opt/local/lib;
				PRODUCT_NAME = "$(TARGET_NAME)";
			};
			name = Debug;
		};
		AE07EE5413B4C38000529161 /* Release */ = {
			isa = XCBuildConfiguration;
			buildSettings = {
				ALWAYS_SEARCH_USER_PATHS = NO;
				COPY_PHASE_STRIP = YES;
				DEBUG_INFORMATION_FORMAT = "dwarf-with-dsym";
				GCC_ENABLE_OBJC_EXCEPTIONS = YES;
				GCC_VERSION = com.apple.compilers.llvm.clang.1_0;
				HEADER_SEARCH_PATHS = /opt/local/include;
				LIBRARY_SEARCH_PATHS = /opt/local/lib;
				PRODUCT_NAME = "$(TARGET_NAME)";
			};
			name = Release;
		};
		AE088AAE13B32CC9007D58EC /* Debug */ = {
			isa = XCBuildConfiguration;
			buildSettings = {
				ALWAYS_SEARCH_USER_PATHS = NO;
				COPY_PHASE_STRIP = NO;
				GCC_DYNAMIC_NO_PIC = NO;
				GCC_ENABLE_OBJC_EXCEPTIONS = YES;
				GCC_PREPROCESSOR_DEFINITIONS = (
					"DEBUG=1",
					"$(inherited)",
				);
				GCC_VERSION = com.apple.compilers.llvm.clang.1_0;
				PRODUCT_NAME = "$(TARGET_NAME)";
			};
			name = Debug;
		};
		AE088AAF13B32CC9007D58EC /* Release */ = {
			isa = XCBuildConfiguration;
			buildSettings = {
				ALWAYS_SEARCH_USER_PATHS = NO;
				COPY_PHASE_STRIP = YES;
				DEBUG_INFORMATION_FORMAT = "dwarf-with-dsym";
				GCC_ENABLE_OBJC_EXCEPTIONS = YES;
				GCC_VERSION = com.apple.compilers.llvm.clang.1_0;
				PRODUCT_NAME = "$(TARGET_NAME)";
			};
			name = Release;
		};
		AE3B334C13902965007BEDE9 /* Debug */ = {
			isa = XCBuildConfiguration;
			buildSettings = {
				ALWAYS_SEARCH_USER_PATHS = NO;
				COPY_PHASE_STRIP = NO;
				FRAMEWORK_SEARCH_PATHS = "$(inherited)";
				GCC_DYNAMIC_NO_PIC = NO;
				GCC_ENABLE_OBJC_EXCEPTIONS = YES;
				GCC_VERSION = com.apple.compilers.llvm.clang.1_0;
				HEADER_SEARCH_PATHS = /opt/local/include;
				LIBRARY_SEARCH_PATHS = (
					"$(inherited)",
					/opt/local/lib,
				);
				OTHER_LDFLAGS = "";
				PRODUCT_NAME = Recognizer;
			};
			name = Debug;
		};
		AE3B334D13902965007BEDE9 /* Release */ = {
			isa = XCBuildConfiguration;
			buildSettings = {
				ALWAYS_SEARCH_USER_PATHS = NO;
				COPY_PHASE_STRIP = YES;
				DEBUG_INFORMATION_FORMAT = "dwarf-with-dsym";
				FRAMEWORK_SEARCH_PATHS = "$(inherited)";
				GCC_ENABLE_OBJC_EXCEPTIONS = YES;
				GCC_VERSION = com.apple.compilers.llvm.clang.1_0;
				HEADER_SEARCH_PATHS = /opt/local/include;
				LIBRARY_SEARCH_PATHS = (
					"$(inherited)",
					/opt/local/lib,
				);
				OTHER_LDFLAGS = "";
				PRODUCT_NAME = Recognizer;
			};
			name = Release;
		};
		AE55C36213647EE800AFFF8B /* Debug */ = {
			isa = XCBuildConfiguration;
			buildSettings = {
				ARCHS = "$(ARCHS_STANDARD_32_64_BIT)";
				GCC_C_LANGUAGE_STANDARD = gnu99;
				GCC_OPTIMIZATION_LEVEL = 0;
				GCC_PREPROCESSOR_DEFINITIONS = DEBUG;
				GCC_SYMBOLS_PRIVATE_EXTERN = NO;
				GCC_VERSION = 4.2;
				GCC_WARN_64_TO_32_BIT_CONVERSION = YES;
				GCC_WARN_ABOUT_MISSING_PROTOTYPES = YES;
				GCC_WARN_ABOUT_RETURN_TYPE = YES;
				GCC_WARN_UNUSED_VARIABLE = YES;
				MACOSX_DEPLOYMENT_TARGET = 10.6;
				ONLY_ACTIVE_ARCH = YES;
				SDKROOT = macosx;
			};
			name = Debug;
		};
		AE55C36313647EE800AFFF8B /* Release */ = {
			isa = XCBuildConfiguration;
			buildSettings = {
				ARCHS = "$(ARCHS_STANDARD_32_64_BIT)";
				GCC_C_LANGUAGE_STANDARD = gnu99;
				GCC_VERSION = 4.2;
				GCC_WARN_64_TO_32_BIT_CONVERSION = YES;
				GCC_WARN_ABOUT_MISSING_PROTOTYPES = YES;
				GCC_WARN_ABOUT_RETURN_TYPE = YES;
				GCC_WARN_UNUSED_VARIABLE = YES;
				MACOSX_DEPLOYMENT_TARGET = 10.6;
				SDKROOT = macosx;
			};
			name = Release;
		};
		AE55C36513647EE800AFFF8B /* Debug */ = {
			isa = XCBuildConfiguration;
			buildSettings = {
				ALWAYS_SEARCH_USER_PATHS = NO;
				COPY_PHASE_STRIP = NO;
				GCC_DYNAMIC_NO_PIC = NO;
				GCC_ENABLE_OBJC_EXCEPTIONS = YES;
				GCC_VERSION = com.apple.compilers.llvm.clang.1_0;
				HEADER_SEARCH_PATHS = /opt/local/include;
				LIBRARY_SEARCH_PATHS = (
					"$(inherited)",
					/opt/local/lib,
				);
				PRODUCT_NAME = "$(TARGET_NAME)";
			};
			name = Debug;
		};
		AE55C36613647EE800AFFF8B /* Release */ = {
			isa = XCBuildConfiguration;
			buildSettings = {
				ALWAYS_SEARCH_USER_PATHS = NO;
				COPY_PHASE_STRIP = YES;
				DEBUG_INFORMATION_FORMAT = "dwarf-with-dsym";
				GCC_ENABLE_OBJC_EXCEPTIONS = YES;
				GCC_VERSION = com.apple.compilers.llvm.clang.1_0;
				HEADER_SEARCH_PATHS = /opt/local/include;
				LIBRARY_SEARCH_PATHS = (
					"$(inherited)",
					/opt/local/lib,
				);
				PRODUCT_NAME = "$(TARGET_NAME)";
			};
			name = Release;
		};
		AE55C37213647EF600AFFF8B /* Debug */ = {
			isa = XCBuildConfiguration;
			buildSettings = {
				ALWAYS_SEARCH_USER_PATHS = NO;
				COPY_PHASE_STRIP = NO;
				FRAMEWORK_SEARCH_PATHS = (
					"$(inherited)",
					"\"$(SRCROOT)/UnitTests\"",
					"\"$(SRCROOT)/Frameworks\"",
				);
				GCC_DYNAMIC_NO_PIC = NO;
				GCC_ENABLE_OBJC_EXCEPTIONS = YES;
				GCC_VERSION = com.apple.compilers.llvm.clang.1_0;
				HEADER_SEARCH_PATHS = /opt/local/include;
				LIBRARY_SEARCH_PATHS = (
					"$(inherited)",
					/opt/local/lib,
				);
				OTHER_LDFLAGS = "";
				PRODUCT_NAME = "$(TARGET_NAME)";
			};
			name = Debug;
		};
		AE55C37313647EF600AFFF8B /* Release */ = {
			isa = XCBuildConfiguration;
			buildSettings = {
				ALWAYS_SEARCH_USER_PATHS = NO;
				COPY_PHASE_STRIP = YES;
				DEBUG_INFORMATION_FORMAT = "dwarf-with-dsym";
				FRAMEWORK_SEARCH_PATHS = (
					"$(inherited)",
					"\"$(SRCROOT)/UnitTests\"",
					"\"$(SRCROOT)/Frameworks\"",
				);
				GCC_ENABLE_OBJC_EXCEPTIONS = YES;
				GCC_VERSION = com.apple.compilers.llvm.clang.1_0;
				HEADER_SEARCH_PATHS = /opt/local/include;
				LIBRARY_SEARCH_PATHS = (
					"$(inherited)",
					/opt/local/lib,
				);
				OTHER_LDFLAGS = "";
				PRODUCT_NAME = "$(TARGET_NAME)";
			};
			name = Release;
		};
		AEF9204F13A750F00008C9B5 /* Debug */ = {
			isa = XCBuildConfiguration;
			buildSettings = {
				ALWAYS_SEARCH_USER_PATHS = NO;
				COPY_PHASE_STRIP = NO;
				GCC_DYNAMIC_NO_PIC = NO;
				GCC_ENABLE_OBJC_EXCEPTIONS = YES;
				GCC_VERSION = com.apple.compilers.llvm.clang.1_0;
				HEADER_SEARCH_PATHS = /opt/local/include;
				LIBRARY_SEARCH_PATHS = (
					"$(inherited)",
					/opt/local/lib,
				);
				PRODUCT_NAME = "$(TARGET_NAME)";
			};
			name = Debug;
		};
		AEF9205013A750F00008C9B5 /* Release */ = {
			isa = XCBuildConfiguration;
			buildSettings = {
				ALWAYS_SEARCH_USER_PATHS = NO;
				COPY_PHASE_STRIP = YES;
				DEBUG_INFORMATION_FORMAT = "dwarf-with-dsym";
				GCC_ENABLE_OBJC_EXCEPTIONS = YES;
				GCC_VERSION = com.apple.compilers.llvm.clang.1_0;
				HEADER_SEARCH_PATHS = /opt/local/include;
				LIBRARY_SEARCH_PATHS = (
					"$(inherited)",
					/opt/local/lib,
				);
				PRODUCT_NAME = "$(TARGET_NAME)";
			};
			name = Release;
		};
		AEF9209013A776570008C9B5 /* Debug */ = {
			isa = XCBuildConfiguration;
			buildSettings = {
				ALWAYS_SEARCH_USER_PATHS = NO;
				COPY_PHASE_STRIP = NO;
				GCC_DYNAMIC_NO_PIC = NO;
				GCC_ENABLE_OBJC_EXCEPTIONS = YES;
				GCC_VERSION = com.apple.compilers.llvm.clang.1_0;
				HEADER_SEARCH_PATHS = /opt/local/include;
				LIBRARY_SEARCH_PATHS = (
					"$(inherited)",
					/opt/local/lib,
				);
				PRODUCT_NAME = "$(TARGET_NAME)";
			};
			name = Debug;
		};
		AEF9209113A776570008C9B5 /* Release */ = {
			isa = XCBuildConfiguration;
			buildSettings = {
				ALWAYS_SEARCH_USER_PATHS = NO;
				COPY_PHASE_STRIP = YES;
				DEBUG_INFORMATION_FORMAT = "dwarf-with-dsym";
				GCC_ENABLE_OBJC_EXCEPTIONS = YES;
				GCC_VERSION = com.apple.compilers.llvm.clang.1_0;
				HEADER_SEARCH_PATHS = /opt/local/include;
				LIBRARY_SEARCH_PATHS = (
					"$(inherited)",
					/opt/local/lib,
				);
				PRODUCT_NAME = "$(TARGET_NAME)";
			};
			name = Release;
		};
/* End XCBuildConfiguration section */

/* Begin XCConfigurationList section */
		AE07EE5213B4C38000529161 /* Build configuration list for PBXNativeTarget "Hitrate" */ = {
			isa = XCConfigurationList;
			buildConfigurations = (
				AE07EE5313B4C38000529161 /* Debug */,
				AE07EE5413B4C38000529161 /* Release */,
			);
			defaultConfigurationIsVisible = 0;
			defaultConfigurationName = Release;
		};
		AE088AB013B32CC9007D58EC /* Build configuration list for PBXNativeTarget "simple" */ = {
			isa = XCConfigurationList;
			buildConfigurations = (
				AE088AAE13B32CC9007D58EC /* Debug */,
				AE088AAF13B32CC9007D58EC /* Release */,
			);
			defaultConfigurationIsVisible = 0;
			defaultConfigurationName = Release;
		};
		AE3B334B13902965007BEDE9 /* Build configuration list for PBXNativeTarget "Recognizer" */ = {
			isa = XCConfigurationList;
			buildConfigurations = (
				AE3B334C13902965007BEDE9 /* Debug */,
				AE3B334D13902965007BEDE9 /* Release */,
			);
			defaultConfigurationIsVisible = 0;
			defaultConfigurationName = Release;
		};
		AE55C35513647EE700AFFF8B /* Build configuration list for PBXProject "BeatTheBox" */ = {
			isa = XCConfigurationList;
			buildConfigurations = (
				AE55C36213647EE800AFFF8B /* Debug */,
				AE55C36313647EE800AFFF8B /* Release */,
			);
			defaultConfigurationIsVisible = 0;
			defaultConfigurationName = Release;
		};
		AE55C36413647EE800AFFF8B /* Build configuration list for PBXNativeTarget "BeatTheBox" */ = {
			isa = XCConfigurationList;
			buildConfigurations = (
				AE55C36513647EE800AFFF8B /* Debug */,
				AE55C36613647EE800AFFF8B /* Release */,
			);
			defaultConfigurationIsVisible = 0;
			defaultConfigurationName = Release;
		};
		AE55C37113647EF600AFFF8B /* Build configuration list for PBXNativeTarget "UnitTests" */ = {
			isa = XCConfigurationList;
			buildConfigurations = (
				AE55C37213647EF600AFFF8B /* Debug */,
				AE55C37313647EF600AFFF8B /* Release */,
			);
			defaultConfigurationIsVisible = 0;
			defaultConfigurationName = Release;
		};
		AEF9204E13A750F00008C9B5 /* Build configuration list for PBXNativeTarget "Train" */ = {
			isa = XCConfigurationList;
			buildConfigurations = (
				AEF9204F13A750F00008C9B5 /* Debug */,
				AEF9205013A750F00008C9B5 /* Release */,
			);
			defaultConfigurationIsVisible = 0;
			defaultConfigurationName = Release;
		};
		AEF9209213A776570008C9B5 /* Build configuration list for PBXNativeTarget "MemTest" */ = {
			isa = XCConfigurationList;
			buildConfigurations = (
				AEF9209013A776570008C9B5 /* Debug */,
				AEF9209113A776570008C9B5 /* Release */,
			);
			defaultConfigurationIsVisible = 0;
			defaultConfigurationName = Release;
		};
/* End XCConfigurationList section */
	};
	rootObject = AE55C35213647EE700AFFF8B /* Project object */;
}
