// !$*UTF8*$!
{
	archiveVersion = 1;
	classes = {
	};
	objectVersion = 46;
	objects = {

/* Begin PBXBuildFile section */
		AE55C36013647EE800AFFF8B /* main.cpp in Sources */ = {isa = PBXBuildFile; fileRef = AE55C35F13647EE800AFFF8B /* main.cpp */; };
		AE55C36F13647EF600AFFF8B /* main.cpp in Sources */ = {isa = PBXBuildFile; fileRef = AE55C36E13647EF600AFFF8B /* main.cpp */; };
		AE55C382136481ED00AFFF8B /* gtest.framework in Frameworks */ = {isa = PBXBuildFile; fileRef = AE55C381136481ED00AFFF8B /* gtest.framework */; };
		AEB04BD5137BFE89005F6ED2 /* libarmadillo.1.2.0.dylib in Frameworks */ = {isa = PBXBuildFile; fileRef = AEB04BD4137BFE89005F6ED2 /* libarmadillo.1.2.0.dylib */; };
		AEB04BD6137BFE89005F6ED2 /* libarmadillo.1.2.0.dylib in Frameworks */ = {isa = PBXBuildFile; fileRef = AEB04BD4137BFE89005F6ED2 /* libarmadillo.1.2.0.dylib */; };
		AEB04BDC137C0A9E005F6ED2 /* MFCC.h in Sources */ = {isa = PBXBuildFile; fileRef = AEB04BDA137C0A9E005F6ED2 /* MFCC.h */; };
		AEB04BE0137C1601005F6ED2 /* MFCCTest.cpp in Sources */ = {isa = PBXBuildFile; fileRef = AEB04BDE137C1601005F6ED2 /* MFCCTest.cpp */; };
		AEB04BE1137C1601005F6ED2 /* MFCCTest.cpp in Sources */ = {isa = PBXBuildFile; fileRef = AEB04BDE137C1601005F6ED2 /* MFCCTest.cpp */; };
		AEB04BE3137C1767005F6ED2 /* MFCC.cpp in Sources */ = {isa = PBXBuildFile; fileRef = AEB04BE2137C1767005F6ED2 /* MFCC.cpp */; };
		AEB04BE4137C1767005F6ED2 /* MFCC.cpp in Sources */ = {isa = PBXBuildFile; fileRef = AEB04BE2137C1767005F6ED2 /* MFCC.cpp */; };
		AEB04BE7137C2724005F6ED2 /* ClassificationHelper.cpp in Sources */ = {isa = PBXBuildFile; fileRef = AEB04BE5137C2724005F6ED2 /* ClassificationHelper.cpp */; };
		AEB04BE8137C2724005F6ED2 /* ClassificationHelper.cpp in Sources */ = {isa = PBXBuildFile; fileRef = AEB04BE5137C2724005F6ED2 /* ClassificationHelper.cpp */; };
		AEB04BEE137C2DCA005F6ED2 /* ClassificationHelperTest.cpp in Sources */ = {isa = PBXBuildFile; fileRef = AEB04BEC137C2DC9005F6ED2 /* ClassificationHelperTest.cpp */; };
		AEB04BEF137C2DCA005F6ED2 /* ClassificationHelperTest.cpp in Sources */ = {isa = PBXBuildFile; fileRef = AEB04BEC137C2DC9005F6ED2 /* ClassificationHelperTest.cpp */; };
		AEB04BF1137D6216005F6ED2 /* libfftw3.dylib in Frameworks */ = {isa = PBXBuildFile; fileRef = AEB04BF0137D6216005F6ED2 /* libfftw3.dylib */; };
		AEB04BF2137D6216005F6ED2 /* libfftw3.dylib in Frameworks */ = {isa = PBXBuildFile; fileRef = AEB04BF0137D6216005F6ED2 /* libfftw3.dylib */; };
		AEB872AC137DA75A000903FA /* FFTW_Test.cpp in Sources */ = {isa = PBXBuildFile; fileRef = AEB872AA137DA75A000903FA /* FFTW_Test.cpp */; };
		AEB872B0137DA850000903FA /* SoundHelper.cpp in Sources */ = {isa = PBXBuildFile; fileRef = AEB872AE137DA850000903FA /* SoundHelper.cpp */; };
		AEB872B1137DA850000903FA /* SoundHelper.cpp in Sources */ = {isa = PBXBuildFile; fileRef = AEB872AE137DA850000903FA /* SoundHelper.cpp */; };
		AEB872B7137DDAC4000903FA /* SoundHelperTest.cpp in Sources */ = {isa = PBXBuildFile; fileRef = AEB872B5137DDAC3000903FA /* SoundHelperTest.cpp */; };
		AED3169C1379AF0F002CD225 /* libsndfile.dylib in Frameworks */ = {isa = PBXBuildFile; fileRef = AED3169B1379AF0F002CD225 /* libsndfile.dylib */; };
		AED316A2137BEDBB002CD225 /* BlitzTest.cpp in Sources */ = {isa = PBXBuildFile; fileRef = AED316A0137BEDB9002CD225 /* BlitzTest.cpp */; };
		AED316A5137BFC40002CD225 /* ArmadilloTest.cpp in Sources */ = {isa = PBXBuildFile; fileRef = AED316A3137BFC3F002CD225 /* ArmadilloTest.cpp */; };
		AED7B5FE13658A7600FAD28F /* DSP.cpp in Sources */ = {isa = PBXBuildFile; fileRef = AED7B5FC13658A7600FAD28F /* DSP.cpp */; };
		AED7B5FF13658A7600FAD28F /* DSP.cpp in Sources */ = {isa = PBXBuildFile; fileRef = AED7B5FC13658A7600FAD28F /* DSP.cpp */; };
		AED7B60D1365915200FAD28F /* DSPTest.cpp in Sources */ = {isa = PBXBuildFile; fileRef = AED7B60B1365915200FAD28F /* DSPTest.cpp */; };
		AEDF3F7B1371F285005C5623 /* BBSDelegateTest.cpp in Sources */ = {isa = PBXBuildFile; fileRef = AEDF3F791371F285005C5623 /* BBSDelegateTest.cpp */; };
		AEDF3F7C1371F285005C5623 /* BBSDelegateTest.cpp in Sources */ = {isa = PBXBuildFile; fileRef = AEDF3F791371F285005C5623 /* BBSDelegateTest.cpp */; };
		AEFFB6591366E9F7002CCE9A /* Segment.cpp in Sources */ = {isa = PBXBuildFile; fileRef = AEFFB6571366E9F7002CCE9A /* Segment.cpp */; };
		AEFFB65A1366E9F7002CCE9A /* Segment.cpp in Sources */ = {isa = PBXBuildFile; fileRef = AEFFB6571366E9F7002CCE9A /* Segment.cpp */; };
		AEFFB6611366FE1C002CCE9A /* SegmentTest.cpp in Sources */ = {isa = PBXBuildFile; fileRef = AEFFB65F1366FE1C002CCE9A /* SegmentTest.cpp */; };
		AEFFB66413670184002CCE9A /* HostController.cpp in Sources */ = {isa = PBXBuildFile; fileRef = AEFFB66213670183002CCE9A /* HostController.cpp */; };
		AEFFB66513670184002CCE9A /* HostController.cpp in Sources */ = {isa = PBXBuildFile; fileRef = AEFFB66213670183002CCE9A /* HostController.cpp */; };
		AEFFB66813675171002CCE9A /* BBSDelegate.cpp in Sources */ = {isa = PBXBuildFile; fileRef = AEFFB66613675170002CCE9A /* BBSDelegate.cpp */; };
		AEFFB66913675171002CCE9A /* BBSDelegate.cpp in Sources */ = {isa = PBXBuildFile; fileRef = AEFFB66613675170002CCE9A /* BBSDelegate.cpp */; };
		AEFFB66C1367589C002CCE9A /* SegmentOwner.cpp in Sources */ = {isa = PBXBuildFile; fileRef = AEFFB66A1367589B002CCE9A /* SegmentOwner.cpp */; };
		AEFFB66D1367589C002CCE9A /* SegmentOwner.cpp in Sources */ = {isa = PBXBuildFile; fileRef = AEFFB66A1367589B002CCE9A /* SegmentOwner.cpp */; };
		AEFFB67113675975002CCE9A /* Classification.cpp in Sources */ = {isa = PBXBuildFile; fileRef = AEFFB66F13675974002CCE9A /* Classification.cpp */; };
		AEFFB67213675975002CCE9A /* Classification.cpp in Sources */ = {isa = PBXBuildFile; fileRef = AEFFB66F13675974002CCE9A /* Classification.cpp */; };
/* End PBXBuildFile section */

/* Begin PBXCopyFilesBuildPhase section */
		AE55C35913647EE800AFFF8B /* CopyFiles */ = {
			isa = PBXCopyFilesBuildPhase;
			buildActionMask = 2147483647;
			dstPath = /usr/share/man/man1/;
			dstSubfolderSpec = 0;
			files = (
			);
			runOnlyForDeploymentPostprocessing = 1;
		};
		AE55C36913647EF600AFFF8B /* CopyFiles */ = {
			isa = PBXCopyFilesBuildPhase;
			buildActionMask = 2147483647;
			dstPath = /usr/share/man/man1/;
			dstSubfolderSpec = 0;
			files = (
			);
			runOnlyForDeploymentPostprocessing = 1;
		};
/* End PBXCopyFilesBuildPhase section */

/* Begin PBXFileReference section */
		AE55C35B13647EE800AFFF8B /* BeatTheBox */ = {isa = PBXFileReference; explicitFileType = "compiled.mach-o.executable"; includeInIndex = 0; path = BeatTheBox; sourceTree = BUILT_PRODUCTS_DIR; };
		AE55C35F13647EE800AFFF8B /* main.cpp */ = {isa = PBXFileReference; lastKnownFileType = sourcecode.cpp.cpp; path = main.cpp; sourceTree = "<group>"; };
		AE55C36113647EE800AFFF8B /* BeatTheBox.1 */ = {isa = PBXFileReference; lastKnownFileType = text.man; path = BeatTheBox.1; sourceTree = "<group>"; };
		AE55C36B13647EF600AFFF8B /* UnitTests */ = {isa = PBXFileReference; explicitFileType = "compiled.mach-o.executable"; includeInIndex = 0; path = UnitTests; sourceTree = BUILT_PRODUCTS_DIR; };
		AE55C36E13647EF600AFFF8B /* main.cpp */ = {isa = PBXFileReference; lastKnownFileType = sourcecode.cpp.cpp; path = main.cpp; sourceTree = "<group>"; };
		AE55C37013647EF600AFFF8B /* UnitTests.1 */ = {isa = PBXFileReference; lastKnownFileType = text.man; path = UnitTests.1; sourceTree = "<group>"; };
		AE55C381136481ED00AFFF8B /* gtest.framework */ = {isa = PBXFileReference; lastKnownFileType = wrapper.framework; name = gtest.framework; path = Frameworks/gtest.framework; sourceTree = SOURCE_ROOT; };
		AEB04BD4137BFE89005F6ED2 /* libarmadillo.1.2.0.dylib */ = {isa = PBXFileReference; lastKnownFileType = "compiled.mach-o.dylib"; name = libarmadillo.1.2.0.dylib; path = "../../../Downloads/armadillo-1.2.0/libarmadillo.1.2.0.dylib"; sourceTree = "<group>"; };
		AEB04BDA137C0A9E005F6ED2 /* MFCC.h */ = {isa = PBXFileReference; fileEncoding = 4; lastKnownFileType = sourcecode.c.h; path = MFCC.h; sourceTree = "<group>"; };
		AEB04BDE137C1601005F6ED2 /* MFCCTest.cpp */ = {isa = PBXFileReference; fileEncoding = 4; lastKnownFileType = sourcecode.cpp.cpp; path = MFCCTest.cpp; sourceTree = "<group>"; };
		AEB04BE2137C1767005F6ED2 /* MFCC.cpp */ = {isa = PBXFileReference; fileEncoding = 4; lastKnownFileType = sourcecode.cpp.cpp; path = MFCC.cpp; sourceTree = "<group>"; };
		AEB04BE5137C2724005F6ED2 /* ClassificationHelper.cpp */ = {isa = PBXFileReference; fileEncoding = 4; lastKnownFileType = sourcecode.cpp.cpp; path = ClassificationHelper.cpp; sourceTree = "<group>"; };
		AEB04BE6137C2724005F6ED2 /* ClassificationHelper.h */ = {isa = PBXFileReference; fileEncoding = 4; lastKnownFileType = sourcecode.c.h; path = ClassificationHelper.h; sourceTree = "<group>"; };
		AEB04BEC137C2DC9005F6ED2 /* ClassificationHelperTest.cpp */ = {isa = PBXFileReference; fileEncoding = 4; lastKnownFileType = sourcecode.cpp.cpp; path = ClassificationHelperTest.cpp; sourceTree = "<group>"; };
		AEB04BF0137D6216005F6ED2 /* libfftw3.dylib */ = {isa = PBXFileReference; lastKnownFileType = "compiled.mach-o.dylib"; name = libfftw3.dylib; path = ../../../../../opt/local/lib/libfftw3.dylib; sourceTree = "<group>"; };
		AEB872AA137DA75A000903FA /* FFTW_Test.cpp */ = {isa = PBXFileReference; fileEncoding = 4; lastKnownFileType = sourcecode.cpp.cpp; path = FFTW_Test.cpp; sourceTree = "<group>"; };
		AEB872AE137DA850000903FA /* SoundHelper.cpp */ = {isa = PBXFileReference; fileEncoding = 4; lastKnownFileType = sourcecode.cpp.cpp; path = SoundHelper.cpp; sourceTree = "<group>"; };
		AEB872AF137DA850000903FA /* SoundHelper.h */ = {isa = PBXFileReference; fileEncoding = 4; lastKnownFileType = sourcecode.c.h; path = SoundHelper.h; sourceTree = "<group>"; };
		AEB872B5137DDAC3000903FA /* SoundHelperTest.cpp */ = {isa = PBXFileReference; fileEncoding = 4; lastKnownFileType = sourcecode.cpp.cpp; path = SoundHelperTest.cpp; sourceTree = "<group>"; };
		AED3169B1379AF0F002CD225 /* libsndfile.dylib */ = {isa = PBXFileReference; lastKnownFileType = "compiled.mach-o.dylib"; name = libsndfile.dylib; path = ../../../../../opt/local/lib/libsndfile.dylib; sourceTree = "<group>"; };
		AED3169F1379B1C9002CD225 /* sndfile.hh */ = {isa = PBXFileReference; fileEncoding = 4; lastKnownFileType = sourcecode.cpp.h; name = sndfile.hh; path = ../../../../../opt/local/include/sndfile.hh; sourceTree = "<group>"; };
		AED316A0137BEDB9002CD225 /* BlitzTest.cpp */ = {isa = PBXFileReference; fileEncoding = 4; lastKnownFileType = sourcecode.cpp.cpp; path = BlitzTest.cpp; sourceTree = "<group>"; };
		AED316A3137BFC3F002CD225 /* ArmadilloTest.cpp */ = {isa = PBXFileReference; fileEncoding = 4; lastKnownFileType = sourcecode.cpp.cpp; path = ArmadilloTest.cpp; sourceTree = "<group>"; };
		AED7B5FC13658A7600FAD28F /* DSP.cpp */ = {isa = PBXFileReference; fileEncoding = 4; lastKnownFileType = sourcecode.cpp.cpp; path = DSP.cpp; sourceTree = "<group>"; };
		AED7B5FD13658A7600FAD28F /* DSP.h */ = {isa = PBXFileReference; fileEncoding = 4; lastKnownFileType = sourcecode.c.h; path = DSP.h; sourceTree = "<group>"; };
		AED7B60B1365915200FAD28F /* DSPTest.cpp */ = {isa = PBXFileReference; fileEncoding = 4; lastKnownFileType = sourcecode.cpp.cpp; path = DSPTest.cpp; sourceTree = "<group>"; };
		AEDF3F791371F285005C5623 /* BBSDelegateTest.cpp */ = {isa = PBXFileReference; fileEncoding = 4; lastKnownFileType = sourcecode.cpp.cpp; path = BBSDelegateTest.cpp; sourceTree = "<group>"; };
		AEFFB6571366E9F7002CCE9A /* Segment.cpp */ = {isa = PBXFileReference; fileEncoding = 4; lastKnownFileType = sourcecode.cpp.cpp; path = Segment.cpp; sourceTree = "<group>"; };
		AEFFB6581366E9F7002CCE9A /* Segment.h */ = {isa = PBXFileReference; fileEncoding = 4; lastKnownFileType = sourcecode.c.h; path = Segment.h; sourceTree = "<group>"; };
		AEFFB65F1366FE1C002CCE9A /* SegmentTest.cpp */ = {isa = PBXFileReference; fileEncoding = 4; lastKnownFileType = sourcecode.cpp.cpp; path = SegmentTest.cpp; sourceTree = "<group>"; };
		AEFFB66213670183002CCE9A /* HostController.cpp */ = {isa = PBXFileReference; fileEncoding = 4; lastKnownFileType = sourcecode.cpp.cpp; path = HostController.cpp; sourceTree = "<group>"; };
		AEFFB66313670183002CCE9A /* HostController.h */ = {isa = PBXFileReference; fileEncoding = 4; lastKnownFileType = sourcecode.c.h; path = HostController.h; sourceTree = "<group>"; };
		AEFFB66613675170002CCE9A /* BBSDelegate.cpp */ = {isa = PBXFileReference; fileEncoding = 4; lastKnownFileType = sourcecode.cpp.cpp; path = BBSDelegate.cpp; sourceTree = "<group>"; };
		AEFFB66713675170002CCE9A /* BBSDelegate.h */ = {isa = PBXFileReference; fileEncoding = 4; lastKnownFileType = sourcecode.c.h; path = BBSDelegate.h; sourceTree = "<group>"; };
		AEFFB66A1367589B002CCE9A /* SegmentOwner.cpp */ = {isa = PBXFileReference; fileEncoding = 4; lastKnownFileType = sourcecode.cpp.cpp; path = SegmentOwner.cpp; sourceTree = "<group>"; };
		AEFFB66B1367589C002CCE9A /* SegmentOwner.h */ = {isa = PBXFileReference; fileEncoding = 4; lastKnownFileType = sourcecode.c.h; path = SegmentOwner.h; sourceTree = "<group>"; };
		AEFFB66E13675950002CCE9A /* constants.h */ = {isa = PBXFileReference; fileEncoding = 4; lastKnownFileType = sourcecode.c.h; path = constants.h; sourceTree = "<group>"; };
		AEFFB66F13675974002CCE9A /* Classification.cpp */ = {isa = PBXFileReference; fileEncoding = 4; lastKnownFileType = sourcecode.cpp.cpp; path = Classification.cpp; sourceTree = "<group>"; };
		AEFFB67013675974002CCE9A /* Classification.h */ = {isa = PBXFileReference; fileEncoding = 4; lastKnownFileType = sourcecode.c.h; path = Classification.h; sourceTree = "<group>"; };
/* End PBXFileReference section */

/* Begin PBXFrameworksBuildPhase section */
		AE55C35813647EE800AFFF8B /* Frameworks */ = {
			isa = PBXFrameworksBuildPhase;
			buildActionMask = 2147483647;
			files = (
				AEB04BD5137BFE89005F6ED2 /* libarmadillo.1.2.0.dylib in Frameworks */,
				AEB04BF1137D6216005F6ED2 /* libfftw3.dylib in Frameworks */,
			);
			runOnlyForDeploymentPostprocessing = 0;
		};
		AE55C36813647EF600AFFF8B /* Frameworks */ = {
			isa = PBXFrameworksBuildPhase;
			buildActionMask = 2147483647;
			files = (
				AE55C382136481ED00AFFF8B /* gtest.framework in Frameworks */,
				AED3169C1379AF0F002CD225 /* libsndfile.dylib in Frameworks */,
				AEB04BD6137BFE89005F6ED2 /* libarmadillo.1.2.0.dylib in Frameworks */,
				AEB04BF2137D6216005F6ED2 /* libfftw3.dylib in Frameworks */,
			);
			runOnlyForDeploymentPostprocessing = 0;
		};
/* End PBXFrameworksBuildPhase section */

/* Begin PBXGroup section */
		AE55C35013647EE700AFFF8B = {
			isa = PBXGroup;
			children = (
				AE55C37413647F2400AFFF8B /* Frameworks */,
				AE55C35E13647EE800AFFF8B /* BeatTheBox */,
				AE55C36D13647EF600AFFF8B /* UnitTests */,
				AE55C35C13647EE800AFFF8B /* Products */,
			);
			sourceTree = "<group>";
		};
		AE55C35C13647EE800AFFF8B /* Products */ = {
			isa = PBXGroup;
			children = (
				AE55C35B13647EE800AFFF8B /* BeatTheBox */,
				AE55C36B13647EF600AFFF8B /* UnitTests */,
			);
			name = Products;
			sourceTree = "<group>";
		};
		AE55C35E13647EE800AFFF8B /* BeatTheBox */ = {
			isa = PBXGroup;
			children = (
				AE55C35F13647EE800AFFF8B /* main.cpp */,
				AE55C36113647EE800AFFF8B /* BeatTheBox.1 */,
				AED7B5FC13658A7600FAD28F /* DSP.cpp */,
				AED7B5FD13658A7600FAD28F /* DSP.h */,
				AEFFB6571366E9F7002CCE9A /* Segment.cpp */,
				AEFFB6581366E9F7002CCE9A /* Segment.h */,
				AEFFB66213670183002CCE9A /* HostController.cpp */,
				AEFFB66313670183002CCE9A /* HostController.h */,
				AEFFB66613675170002CCE9A /* BBSDelegate.cpp */,
				AEFFB66713675170002CCE9A /* BBSDelegate.h */,
				AEFFB66A1367589B002CCE9A /* SegmentOwner.cpp */,
				AEFFB66B1367589C002CCE9A /* SegmentOwner.h */,
				AEFFB66E13675950002CCE9A /* constants.h */,
				AEFFB66F13675974002CCE9A /* Classification.cpp */,
				AEFFB67013675974002CCE9A /* Classification.h */,
				AEB04BDA137C0A9E005F6ED2 /* MFCC.h */,
				AEB04BE2137C1767005F6ED2 /* MFCC.cpp */,
				AEB04BE5137C2724005F6ED2 /* ClassificationHelper.cpp */,
				AEB04BE6137C2724005F6ED2 /* ClassificationHelper.h */,
				AEB872AE137DA850000903FA /* SoundHelper.cpp */,
				AEB872AF137DA850000903FA /* SoundHelper.h */,
			);
			path = BeatTheBox;
			sourceTree = "<group>";
		};
		AE55C36D13647EF600AFFF8B /* UnitTests */ = {
			isa = PBXGroup;
			children = (
				AED3169F1379B1C9002CD225 /* sndfile.hh */,
				AE55C36E13647EF600AFFF8B /* main.cpp */,
				AE55C37013647EF600AFFF8B /* UnitTests.1 */,
				AED7B60B1365915200FAD28F /* DSPTest.cpp */,
				AEFFB65F1366FE1C002CCE9A /* SegmentTest.cpp */,
				AEDF3F791371F285005C5623 /* BBSDelegateTest.cpp */,
				AED316A0137BEDB9002CD225 /* BlitzTest.cpp */,
				AED316A3137BFC3F002CD225 /* ArmadilloTest.cpp */,
				AEB04BDE137C1601005F6ED2 /* MFCCTest.cpp */,
				AEB04BEC137C2DC9005F6ED2 /* ClassificationHelperTest.cpp */,
				AEB872AA137DA75A000903FA /* FFTW_Test.cpp */,
				AEB872B5137DDAC3000903FA /* SoundHelperTest.cpp */,
			);
			path = UnitTests;
			sourceTree = "<group>";
		};
		AE55C37413647F2400AFFF8B /* Frameworks */ = {
			isa = PBXGroup;
			children = (
				AEB04BF0137D6216005F6ED2 /* libfftw3.dylib */,
				AEB04BD4137BFE89005F6ED2 /* libarmadillo.1.2.0.dylib */,
				AED3169B1379AF0F002CD225 /* libsndfile.dylib */,
				AE55C381136481ED00AFFF8B /* gtest.framework */,
			);
			name = Frameworks;
			path = UnitTests;
			sourceTree = "<group>";
		};
/* End PBXGroup section */

/* Begin PBXNativeTarget section */
		AE55C35A13647EE800AFFF8B /* BeatTheBox */ = {
			isa = PBXNativeTarget;
			buildConfigurationList = AE55C36413647EE800AFFF8B /* Build configuration list for PBXNativeTarget "BeatTheBox" */;
			buildPhases = (
				AE55C35713647EE800AFFF8B /* Sources */,
				AE55C35813647EE800AFFF8B /* Frameworks */,
				AE55C35913647EE800AFFF8B /* CopyFiles */,
			);
			buildRules = (
			);
			dependencies = (
			);
			name = BeatTheBox;
			productName = BeatTheBox;
			productReference = AE55C35B13647EE800AFFF8B /* BeatTheBox */;
			productType = "com.apple.product-type.tool";
		};
		AE55C36A13647EF600AFFF8B /* UnitTests */ = {
			isa = PBXNativeTarget;
			buildConfigurationList = AE55C37113647EF600AFFF8B /* Build configuration list for PBXNativeTarget "UnitTests" */;
			buildPhases = (
				AE55C36713647EF600AFFF8B /* Sources */,
				AE55C36813647EF600AFFF8B /* Frameworks */,
				AE55C36913647EF600AFFF8B /* CopyFiles */,
			);
			buildRules = (
			);
			dependencies = (
			);
			name = UnitTests;
			productName = UnitTests;
			productReference = AE55C36B13647EF600AFFF8B /* UnitTests */;
			productType = "com.apple.product-type.tool";
		};
/* End PBXNativeTarget section */

/* Begin PBXProject section */
		AE55C35213647EE700AFFF8B /* Project object */ = {
			isa = PBXProject;
			buildConfigurationList = AE55C35513647EE700AFFF8B /* Build configuration list for PBXProject "BeatTheBox" */;
			compatibilityVersion = "Xcode 3.2";
			developmentRegion = English;
			hasScannedForEncodings = 0;
			knownRegions = (
				en,
			);
			mainGroup = AE55C35013647EE700AFFF8B;
			productRefGroup = AE55C35C13647EE800AFFF8B /* Products */;
			projectDirPath = "";
			projectRoot = "";
			targets = (
				AE55C35A13647EE800AFFF8B /* BeatTheBox */,
				AE55C36A13647EF600AFFF8B /* UnitTests */,
			);
		};
/* End PBXProject section */

/* Begin PBXSourcesBuildPhase section */
		AE55C35713647EE800AFFF8B /* Sources */ = {
			isa = PBXSourcesBuildPhase;
			buildActionMask = 2147483647;
			files = (
				AE55C36013647EE800AFFF8B /* main.cpp in Sources */,
				AED7B5FE13658A7600FAD28F /* DSP.cpp in Sources */,
				AEFFB6591366E9F7002CCE9A /* Segment.cpp in Sources */,
				AEFFB66413670184002CCE9A /* HostController.cpp in Sources */,
				AEFFB66813675171002CCE9A /* BBSDelegate.cpp in Sources */,
				AEFFB66C1367589C002CCE9A /* SegmentOwner.cpp in Sources */,
				AEFFB67113675975002CCE9A /* Classification.cpp in Sources */,
				AEDF3F7B1371F285005C5623 /* BBSDelegateTest.cpp in Sources */,
				AEB04BDC137C0A9E005F6ED2 /* MFCC.h in Sources */,
				AEB04BE0137C1601005F6ED2 /* MFCCTest.cpp in Sources */,
				AEB04BE3137C1767005F6ED2 /* MFCC.cpp in Sources */,
				AEB04BE7137C2724005F6ED2 /* ClassificationHelper.cpp in Sources */,
				AEB04BEE137C2DCA005F6ED2 /* ClassificationHelperTest.cpp in Sources */,
				AEB872B0137DA850000903FA /* SoundHelper.cpp in Sources */,
			);
			runOnlyForDeploymentPostprocessing = 0;
		};
		AE55C36713647EF600AFFF8B /* Sources */ = {
			isa = PBXSourcesBuildPhase;
			buildActionMask = 2147483647;
			files = (
				AE55C36F13647EF600AFFF8B /* main.cpp in Sources */,
				AED7B5FF13658A7600FAD28F /* DSP.cpp in Sources */,
				AED7B60D1365915200FAD28F /* DSPTest.cpp in Sources */,
				AEFFB65A1366E9F7002CCE9A /* Segment.cpp in Sources */,
				AEFFB6611366FE1C002CCE9A /* SegmentTest.cpp in Sources */,
				AEFFB66513670184002CCE9A /* HostController.cpp in Sources */,
				AEFFB66913675171002CCE9A /* BBSDelegate.cpp in Sources */,
				AEFFB66D1367589C002CCE9A /* SegmentOwner.cpp in Sources */,
				AEFFB67213675975002CCE9A /* Classification.cpp in Sources */,
				AEDF3F7C1371F285005C5623 /* BBSDelegateTest.cpp in Sources */,
				AED316A2137BEDBB002CD225 /* BlitzTest.cpp in Sources */,
				AED316A5137BFC40002CD225 /* ArmadilloTest.cpp in Sources */,
				AEB04BE1137C1601005F6ED2 /* MFCCTest.cpp in Sources */,
				AEB04BE4137C1767005F6ED2 /* MFCC.cpp in Sources */,
				AEB04BE8137C2724005F6ED2 /* ClassificationHelper.cpp in Sources */,
				AEB04BEF137C2DCA005F6ED2 /* ClassificationHelperTest.cpp in Sources */,
				AEB872AC137DA75A000903FA /* FFTW_Test.cpp in Sources */,
				AEB872B1137DA850000903FA /* SoundHelper.cpp in Sources */,
				AEB872B7137DDAC4000903FA /* SoundHelperTest.cpp in Sources */,
			);
			runOnlyForDeploymentPostprocessing = 0;
		};
/* End PBXSourcesBuildPhase section */

/* Begin XCBuildConfiguration section */
		AE55C36213647EE800AFFF8B /* Debug */ = {
			isa = XCBuildConfiguration;
			buildSettings = {
				ARCHS = "$(ARCHS_STANDARD_32_64_BIT)";
				GCC_C_LANGUAGE_STANDARD = gnu99;
				GCC_OPTIMIZATION_LEVEL = 0;
				GCC_PREPROCESSOR_DEFINITIONS = DEBUG;
				GCC_SYMBOLS_PRIVATE_EXTERN = NO;
				GCC_VERSION = 4.2;
				GCC_WARN_64_TO_32_BIT_CONVERSION = YES;
				GCC_WARN_ABOUT_RETURN_TYPE = YES;
				GCC_WARN_UNUSED_VARIABLE = YES;
				MACOSX_DEPLOYMENT_TARGET = 10.6;
				ONLY_ACTIVE_ARCH = YES;
				SDKROOT = macosx;
			};
			name = Debug;
		};
		AE55C36313647EE800AFFF8B /* Release */ = {
			isa = XCBuildConfiguration;
			buildSettings = {
				ARCHS = "$(ARCHS_STANDARD_32_64_BIT)";
				GCC_C_LANGUAGE_STANDARD = gnu99;
				GCC_VERSION = 4.2;
				GCC_WARN_64_TO_32_BIT_CONVERSION = YES;
				GCC_WARN_ABOUT_RETURN_TYPE = YES;
				GCC_WARN_UNUSED_VARIABLE = YES;
				MACOSX_DEPLOYMENT_TARGET = 10.6;
				SDKROOT = macosx;
			};
			name = Release;
		};
		AE55C36513647EE800AFFF8B /* Debug */ = {
			isa = XCBuildConfiguration;
			buildSettings = {
				ALWAYS_SEARCH_USER_PATHS = NO;
				COPY_PHASE_STRIP = NO;
				GCC_DYNAMIC_NO_PIC = NO;
				GCC_ENABLE_OBJC_EXCEPTIONS = YES;
				LIBRARY_SEARCH_PATHS = (
					"$(inherited)",
					"\"$(SRCROOT)/../../Downloads/armadillo-1.2.0\"",
					/opt/local/lib,
				);
				PRODUCT_NAME = "$(TARGET_NAME)";
			};
			name = Debug;
		};
		AE55C36613647EE800AFFF8B /* Release */ = {
			isa = XCBuildConfiguration;
			buildSettings = {
				ALWAYS_SEARCH_USER_PATHS = NO;
				COPY_PHASE_STRIP = YES;
				DEBUG_INFORMATION_FORMAT = "dwarf-with-dsym";
				GCC_ENABLE_OBJC_EXCEPTIONS = YES;
				LIBRARY_SEARCH_PATHS = (
					"$(inherited)",
					"\"$(SRCROOT)/../../Downloads/armadillo-1.2.0\"",
					/opt/local/lib,
				);
				PRODUCT_NAME = "$(TARGET_NAME)";
			};
			name = Release;
		};
		AE55C37213647EF600AFFF8B /* Debug */ = {
			isa = XCBuildConfiguration;
			buildSettings = {
				ALWAYS_SEARCH_USER_PATHS = NO;
				COPY_PHASE_STRIP = NO;
				FRAMEWORK_SEARCH_PATHS = (
					"$(inherited)",
					"\"$(SRCROOT)/UnitTests\"",
					"\"$(SRCROOT)/Frameworks\"",
				);
				GCC_DYNAMIC_NO_PIC = NO;
				GCC_ENABLE_OBJC_EXCEPTIONS = YES;
				GCC_VERSION = com.apple.compilers.llvm.clang.1_0;
				HEADER_SEARCH_PATHS = (
					/opt/local/include,
					"/Users/grav/Downloads/armadillo-1.2.0/include/**",
				);
				LIBRARY_SEARCH_PATHS = (
					"$(inherited)",
					/opt/local/lib,
					"\"$(SRCROOT)/../../Downloads/armadillo-1.2.0\"",
				);
				OTHER_LDFLAGS = "";
				PRODUCT_NAME = "$(TARGET_NAME)";
			};
			name = Debug;
		};
		AE55C37313647EF600AFFF8B /* Release */ = {
			isa = XCBuildConfiguration;
			buildSettings = {
				ALWAYS_SEARCH_USER_PATHS = NO;
				COPY_PHASE_STRIP = YES;
				DEBUG_INFORMATION_FORMAT = "dwarf-with-dsym";
				FRAMEWORK_SEARCH_PATHS = (
					"$(inherited)",
					"\"$(SRCROOT)/UnitTests\"",
					"\"$(SRCROOT)/Frameworks\"",
				);
				GCC_ENABLE_OBJC_EXCEPTIONS = YES;
				GCC_VERSION = com.apple.compilers.llvm.clang.1_0;
				HEADER_SEARCH_PATHS = (
					/opt/local/include,
					"/Users/grav/Downloads/armadillo-1.2.0/include/**",
				);
				LIBRARY_SEARCH_PATHS = (
					"$(inherited)",
					/opt/local/lib,
					"\"$(SRCROOT)/../../Downloads/armadillo-1.2.0\"",
				);
				OTHER_LDFLAGS = "";
				PRODUCT_NAME = "$(TARGET_NAME)";
			};
			name = Release;
		};
/* End XCBuildConfiguration section */

/* Begin XCConfigurationList section */
		AE55C35513647EE700AFFF8B /* Build configuration list for PBXProject "BeatTheBox" */ = {
			isa = XCConfigurationList;
			buildConfigurations = (
				AE55C36213647EE800AFFF8B /* Debug */,
				AE55C36313647EE800AFFF8B /* Release */,
			);
			defaultConfigurationIsVisible = 0;
			defaultConfigurationName = Release;
		};
		AE55C36413647EE800AFFF8B /* Build configuration list for PBXNativeTarget "BeatTheBox" */ = {
			isa = XCConfigurationList;
			buildConfigurations = (
				AE55C36513647EE800AFFF8B /* Debug */,
				AE55C36613647EE800AFFF8B /* Release */,
			);
			defaultConfigurationIsVisible = 0;
			defaultConfigurationName = Release;
		};
		AE55C37113647EF600AFFF8B /* Build configuration list for PBXNativeTarget "UnitTests" */ = {
			isa = XCConfigurationList;
			buildConfigurations = (
				AE55C37213647EF600AFFF8B /* Debug */,
				AE55C37313647EF600AFFF8B /* Release */,
			);
			defaultConfigurationIsVisible = 0;
			defaultConfigurationName = Release;
		};
/* End XCConfigurationList section */
	};
	rootObject = AE55C35213647EE700AFFF8B /* Project object */;
}
